{
  "version": 4,
  "terraform_version": "1.7.0",
  "serial": 35,
  "lineage": "b02959a7-1d1a-4dbe-fe7d-bf2bb28f0ca9",
  "outputs": {},
  "resources": [
    {
      "mode": "data",
      "type": "aws_acm_certificate",
      "name": "pomodoro",
      "provider": "provider[\"registry.terraform.io/hashicorp/aws\"]",
      "instances": [
        {
          "schema_version": 0,
          "attributes": {
            "arn": "arn:aws:acm:ap-northeast-1:405952903393:certificate/6995268c-2bda-40a4-bddc-f779a9f8bcac",
            "certificate": "-----BEGIN CERTIFICATE-----\nMIIF7TCCBNWgAwIBAgIQBDjsPSlqUF4plUX0IgQYyTANBgkqhkiG9w0BAQsFADA8\nMQswCQYDVQQGEwJVUzEPMA0GA1UEChMGQW1hem9uMRwwGgYDVQQDExNBbWF6b24g\nUlNBIDIwNDggTTAyMB4XDTI0MDEyMTAwMDAwMFoXDTI1MDIxOTIzNTk1OVowHzEd\nMBsGA1UEAxMUcG9tby1zeW5jLXNvdW5kcy5jb20wggEiMA0GCSqGSIb3DQEBAQUA\nA4IBDwAwggEKAoIBAQCb1cMbxDOgorLrgqTUXaVlnnXAohsvGLs/jiPGaMP9dHBb\neNuQVYaTHoWCa+zLhroKZGck6pOhAr/TGk55FhShXyvCkRJ5olk46zf7V3v4qFS5\nYW+tMJXS6vTp2MwjVfE0oCo0dUr70LhP99QPjh6hIFBtWZnDxWz4BiuSEEzWxYVN\nnKXg2rEeM6trLJ7uvdFamGGZxYNejTyUrtmcV/2RghZKW6GfU1XmmaWrnyOhIr1b\nyqTljNcmbof/3qDKz6Q9IpbuAdS5bow9dLosZOFdUj0+eVgtNXYtkHHSPNR2d5o8\nNcbEx9KfWVNmh01oauXtGPEjkQRjmHxnewGwkt9jAgMBAAGjggMGMIIDAjAfBgNV\nHSMEGDAWgBTAMVLNWlDDgnx0cc7L6Zz5euuC4jAdBgNVHQ4EFgQUqhw7yvpFYFC0\nQC4O0r+gG5bXyvswNwYDVR0RBDAwLoIUcG9tby1zeW5jLXNvdW5kcy5jb22CFiou\ncG9tby1zeW5jLXNvdW5kcy5jb20wEwYDVR0gBAwwCjAIBgZngQwBAgEwDgYDVR0P\nAQH/BAQDAgWgMB0GA1UdJQQWMBQGCCsGAQUFBwMBBggrBgEFBQcDAjA7BgNVHR8E\nNDAyMDCgLqAshipodHRwOi8vY3JsLnIybTAyLmFtYXpvbnRydXN0LmNvbS9yMm0w\nMi5jcmwwdQYIKwYBBQUHAQEEaTBnMC0GCCsGAQUFBzABhiFodHRwOi8vb2NzcC5y\nMm0wMi5hbWF6b250cnVzdC5jb20wNgYIKwYBBQUHMAKGKmh0dHA6Ly9jcnQucjJt\nMDIuYW1hem9udHJ1c3QuY29tL3IybTAyLmNlcjAMBgNVHRMBAf8EAjAAMIIBfwYK\nKwYBBAHWeQIEAgSCAW8EggFrAWkAdgBOdaMnXJoQwzhbbNTfP1LrHfDgjhuNacCx\n+mSxYpo53wAAAY0qYgskAAAEAwBHMEUCIQDNON1sxW6iMQ78OeFf5E7snYkbnGET\nq+SMbBgaLd936QIgDdMBB97WJw2fp8EEZE+U977YjeXIaVS8joWti0PrhrgAdwB9\nWR4S4XgqexxhZ3xe/fjQh1wUoE6VnrkDL9kOjC55uAAAAY0qYgsLAAAEAwBIMEYC\nIQDWPUS3cDQC5vjj8zopbdmc5afrxla40opnlxvbeqjTmAIhALCzsy1gcCDf5vO6\nZ4TCtvJVh2FwXsJ/OS2i7d4OTgWKAHYA5tIxY0B3jMEQQQbXcbnOwdJA9paEhvu6\nhzId/R43jlAAAAGNKmILOQAABAMARzBFAiEA5T60vfLegCbSwIjgnb+h8kDGbU/6\nTVk5rCVlzQjp+GECIE/m/v/1WbP2GYkLMopHv3JYvBsjeTvgRM6S5Mh0eFU0MA0G\nCSqGSIb3DQEBCwUAA4IBAQAI8bRBCv1zAnI9FDdf7ZA1a2q5mINP5dqsgDH+JIQh\nYcKri0zRqP39ncwre9dTuDw9bvnzBUDD9VxBhLIwQDaTAj/X44YuResDISkbv14x\nwE2UDaDxfFxQ2klEkj+5v+6OjlX3keHOosii1kTpkfHkrH5ZC67IcUjl6PPv+rA+\nrMca94CFxotlFizPOnZLIcaHMf2zjAy35uL/owQP03sbPe/y1BQgDjuc1BtSp8tY\nxCizBGYQiPnrUmUsdFuDqmGWXYyFznDBkaOQZT2O0G639y78kuvPRLeIFhi0Obh1\n9bVZGEhPBZzhnic6W0PwxWlkNo9rNNSUlqQBciM/vFAW\n-----END CERTIFICATE-----\n",
            "certificate_chain": "-----BEGIN CERTIFICATE-----\nMIIEXjCCA0agAwIBAgITB3MSSkvL1E7HtTvq8ZSELToPoTANBgkqhkiG9w0BAQsF\nADA5MQswCQYDVQQGEwJVUzEPMA0GA1UEChMGQW1hem9uMRkwFwYDVQQDExBBbWF6\nb24gUm9vdCBDQSAxMB4XDTIyMDgyMzIyMjUzMFoXDTMwMDgyMzIyMjUzMFowPDEL\nMAkGA1UEBhMCVVMxDzANBgNVBAoTBkFtYXpvbjEcMBoGA1UEAxMTQW1hem9uIFJT\nQSAyMDQ4IE0wMjCCASIwDQYJKoZIhvcNAQEBBQADggEPADCCAQoCggEBALtDGMZa\nqHneKei1by6+pUPPLljTB143Si6VpEWPc6mSkFhZb/6qrkZyoHlQLbDYnI2D7hD0\nsdzEqfnuAjIsuXQLG3A8TvX6V3oFNBFVe8NlLJHvBseKY88saLwufxkZVwk74g4n\nWlNMXzla9Y5F3wwRHwMVH443xGz6UtGSZSqQ94eFx5X7Tlqt8whi8qCaKdZ5rNak\n+r9nUThOeClqFd4oXych//Rc7Y0eX1KNWHYSI1Nk31mYgiK3JvH063g+K9tHA63Z\neTgKgndlh+WI+zv7i44HepRZjA1FYwYZ9Vv/9UkC5Yz8/yU65fgjaE+wVHM4e/Yy\nC2osrPWE7gJ+dXMCAwEAAaOCAVowggFWMBIGA1UdEwEB/wQIMAYBAf8CAQAwDgYD\nVR0PAQH/BAQDAgGGMB0GA1UdJQQWMBQGCCsGAQUFBwMBBggrBgEFBQcDAjAdBgNV\nHQ4EFgQUwDFSzVpQw4J8dHHOy+mc+XrrguIwHwYDVR0jBBgwFoAUhBjMhTTsvAyU\nlC4IWZzHshBOCggwewYIKwYBBQUHAQEEbzBtMC8GCCsGAQUFBzABhiNodHRwOi8v\nb2NzcC5yb290Y2ExLmFtYXpvbnRydXN0LmNvbTA6BggrBgEFBQcwAoYuaHR0cDov\nL2NydC5yb290Y2ExLmFtYXpvbnRydXN0LmNvbS9yb290Y2ExLmNlcjA/BgNVHR8E\nODA2MDSgMqAwhi5odHRwOi8vY3JsLnJvb3RjYTEuYW1hem9udHJ1c3QuY29tL3Jv\nb3RjYTEuY3JsMBMGA1UdIAQMMAowCAYGZ4EMAQIBMA0GCSqGSIb3DQEBCwUAA4IB\nAQAtTi6Fs0Azfi+iwm7jrz+CSxHH+uHl7Law3MQSXVtR8RV53PtR6r/6gNpqlzdo\nZq4FKbADi1v9Bun8RY8D51uedRfjsbeodizeBB8nXmeyD33Ep7VATj4ozcd31YFV\nfgRhvTSxNrrTlNpWkUk0m3BMPv8sg381HhA6uEYokE5q9uws/3YkKqRiEz3TsaWm\nJqIRZhMbgAfp7O7FUwFIb7UIspogZSKxPIWJpxiPo3TcBambbVtQOcNRWz5qCQdD\nslI2yayq0n2TXoHyNCLEH8rpsJRVILFsg0jc7BaFrMnF462+ajSehgj12IidNeRN\n4zl+EoNaWdpnWndvSpAEkq2P\n-----END CERTIFICATE-----\n-----BEGIN CERTIFICATE-----\nMIIEkjCCA3qgAwIBAgITBn+USionzfP6wq4rAfkI7rnExjANBgkqhkiG9w0BAQsF\nADCBmDELMAkGA1UEBhMCVVMxEDAOBgNVBAgTB0FyaXpvbmExEzARBgNVBAcTClNj\nb3R0c2RhbGUxJTAjBgNVBAoTHFN0YXJmaWVsZCBUZWNobm9sb2dpZXMsIEluYy4x\nOzA5BgNVBAMTMlN0YXJmaWVsZCBTZXJ2aWNlcyBSb290IENlcnRpZmljYXRlIEF1\ndGhvcml0eSAtIEcyMB4XDTE1MDUyNTEyMDAwMFoXDTM3MTIzMTAxMDAwMFowOTEL\nMAkGA1UEBhMCVVMxDzANBgNVBAoTBkFtYXpvbjEZMBcGA1UEAxMQQW1hem9uIFJv\nb3QgQ0EgMTCCASIwDQYJKoZIhvcNAQEBBQADggEPADCCAQoCggEBALJ4gHHKeNXj\nca9HgFB0fW7Y14h29Jlo91ghYPl0hAEvrAIthtOgQ3pOsqTQNroBvo3bSMgHFzZM\n9O6II8c+6zf1tRn4SWiw3te5djgdYZ6k/oI2peVKVuRF4fn9tBb6dNqcmzU5L/qw\nIFAGbHrQgLKm+a/sRxmPUDgH3KKHOVj4utWp+UhnMJbulHheb4mjUcAwhmahRWa6\nVOujw5H5SNz/0egwLX0tdHA114gk957EWW67c4cX8jJGKLhD+rcdqsq08p8kDi1L\n93FcXmn/6pUCyziKrlA4b9v7LWIbxcceVOF34GfID5yHI9Y/QCB/IIDEgEw+OyQm\njgSubJrIqg0CAwEAAaOCATEwggEtMA8GA1UdEwEB/wQFMAMBAf8wDgYDVR0PAQH/\nBAQDAgGGMB0GA1UdDgQWBBSEGMyFNOy8DJSULghZnMeyEE4KCDAfBgNVHSMEGDAW\ngBScXwDfqgHXMCs4iKK4bUqc8hGRgzB4BggrBgEFBQcBAQRsMGowLgYIKwYBBQUH\nMAGGImh0dHA6Ly9vY3NwLnJvb3RnMi5hbWF6b250cnVzdC5jb20wOAYIKwYBBQUH\nMAKGLGh0dHA6Ly9jcnQucm9vdGcyLmFtYXpvbnRydXN0LmNvbS9yb290ZzIuY2Vy\nMD0GA1UdHwQ2MDQwMqAwoC6GLGh0dHA6Ly9jcmwucm9vdGcyLmFtYXpvbnRydXN0\nLmNvbS9yb290ZzIuY3JsMBEGA1UdIAQKMAgwBgYEVR0gADANBgkqhkiG9w0BAQsF\nAAOCAQEAYjdCXLwQtT6LLOkMm2xF4gcAevnFWAu5CIw+7bMlPLVvUOTNNWqnkzSW\nMiGpSESrnO09tKpzbeR/FoCJbM8oAxiDR3mjEH4wW6w7sGDgd9QIpuEdfF7Au/ma\neyKdpwAJfqxGF4PcnCZXmTA5YpaP7dreqsXMGz7KQ2hsVxa81Q4gLv7/wmpdLqBK\nbRRYh5TmOTFffHPLkIhqhBGWJ6bt2YFGpn6jcgAKUj6DiAdjd4lpFw85hdKrCEVN\n0FE6/V1dN2RMfjCyVSRCnTawXZwXgWHxyvkQAiSr6w10kY17RSlQOYiypok1JR4U\nakcjMS9cmvqtmg5iUaQqqcT5NJ0hGA==\n-----END CERTIFICATE-----\n-----BEGIN CERTIFICATE-----\nMIIEdTCCA12gAwIBAgIJAKcOSkw0grd/MA0GCSqGSIb3DQEBCwUAMGgxCzAJBgNV\nBAYTAlVTMSUwIwYDVQQKExxTdGFyZmllbGQgVGVjaG5vbG9naWVzLCBJbmMuMTIw\nMAYDVQQLEylTdGFyZmllbGQgQ2xhc3MgMiBDZXJ0aWZpY2F0aW9uIEF1dGhvcml0\neTAeFw0wOTA5MDIwMDAwMDBaFw0zNDA2MjgxNzM5MTZaMIGYMQswCQYDVQQGEwJV\nUzEQMA4GA1UECBMHQXJpem9uYTETMBEGA1UEBxMKU2NvdHRzZGFsZTElMCMGA1UE\nChMcU3RhcmZpZWxkIFRlY2hub2xvZ2llcywgSW5jLjE7MDkGA1UEAxMyU3RhcmZp\nZWxkIFNlcnZpY2VzIFJvb3QgQ2VydGlmaWNhdGUgQXV0aG9yaXR5IC0gRzIwggEi\nMA0GCSqGSIb3DQEBAQUAA4IBDwAwggEKAoIBAQDVDDrEKvlO4vW+GZdfjohTsR8/\ny8+fIBNtKTrID30892t2OGPZNmCom15cAICyL1l/9of5JUOG52kbUpqQ4XHj2C0N\nTm/2yEnZtvMaVq4rtnQU68/7JuMauh2WLmo7WJSJR1b/JaCTcFOD2oR0FMNnngRo\nOt+OQFodSk7PQ5E751bWAHDLUu57fa4657wx+UX2wmDPE1kCK4DMNEffud6QZW0C\nzyyRpqbn3oUYSXxmTqM6bam17jQuug0DuDPfR+uxa40l2ZvOgdFFRjKWcIfeAg5J\nQ4W2bHO7ZOphQazJ1FTfhy/HIrImzJ9ZVGif/L4qL8RVHHVAYBeFAlU5i38FAgMB\nAAGjgfAwge0wDwYDVR0TAQH/BAUwAwEB/zAOBgNVHQ8BAf8EBAMCAYYwHQYDVR0O\nBBYEFJxfAN+qAdcwKziIorhtSpzyEZGDMB8GA1UdIwQYMBaAFL9ft9HO3R+G9FtV\nrNzXEMIOqYjnME8GCCsGAQUFBwEBBEMwQTAcBggrBgEFBQcwAYYQaHR0cDovL28u\nc3MyLnVzLzAhBggrBgEFBQcwAoYVaHR0cDovL3guc3MyLnVzL3guY2VyMCYGA1Ud\nHwQfMB0wG6AZoBeGFWh0dHA6Ly9zLnNzMi51cy9yLmNybDARBgNVHSAECjAIMAYG\nBFUdIAAwDQYJKoZIhvcNAQELBQADggEBACMd44pXyn3pF3lM8R5V/cxTbj5HD9/G\nVfKyBDbtgB9TxF00KGu+x1X8Z+rLP3+QsjPNG1gQggL4+C/1E2DUBc7xgQjB3ad1\nl08YuW3e95ORCLp+QCztweq7dp4zBncdDQh/U90bZKuCJ/Fp1U1ervShw3WnWEQt\n8jxwmKy6abaVd38PMV4s/KCHOkdp8Hlf9BRUpJVeEXgSYCfOn8J3/yNTd126/+pZ\n59vPr5KW7ySaNRB6nJHGDn2Z9j8Z3/VyVOEVqQdZe4O/Ui5GjLIAZHYcSNPYeehu\nVsyuLAOQ1xk4meTKCRlb/weWsKh/NEnfVqn3sF/tM+2MR7cwA130A4w=\n-----END CERTIFICATE-----\n",
            "domain": "pomo-sync-sounds.com",
            "id": "arn:aws:acm:ap-northeast-1:405952903393:certificate/6995268c-2bda-40a4-bddc-f779a9f8bcac",
            "key_types": null,
            "most_recent": false,
            "status": "ISSUED",
            "statuses": null,
            "tags": {
              "Description": "Managed by Terraform",
              "Service": "pomodoro"
            },
            "types": null
          },
          "sensitive_attributes": []
        }
      ]
    },
    {
      "mode": "data",
      "type": "aws_caller_identity",
      "name": "current",
      "provider": "provider[\"registry.terraform.io/hashicorp/aws\"]",
      "instances": [
        {
          "schema_version": 0,
          "attributes": {
            "account_id": "405952903393",
            "arn": "arn:aws:iam::405952903393:user/admin",
            "id": "405952903393",
            "user_id": "AIDAV5BFNXDQQ6EJJQR2S"
          },
          "sensitive_attributes": []
        }
      ]
    },
    {
      "mode": "data",
      "type": "aws_canonical_user_id",
      "name": "current",
      "provider": "provider[\"registry.terraform.io/hashicorp/aws\"]",
      "instances": [
        {
          "schema_version": 0,
          "attributes": {
            "display_name": "daisakai07",
            "id": "317bf62af94e9c9dae9298696d773d3e78504a019e228cbb6ae5e4513e1bfd87"
          },
          "sensitive_attributes": []
        }
      ]
    },
    {
      "mode": "data",
      "type": "aws_codestarconnections_connection",
      "name": "pomodoro_backend",
      "provider": "provider[\"registry.terraform.io/hashicorp/aws\"]",
      "instances": [
        {
          "schema_version": 0,
          "attributes": {
            "arn": "arn:aws:codestar-connections:ap-northeast-1:405952903393:connection/1f6279db-0734-44e2-98bb-186695973e09",
            "connection_status": "AVAILABLE",
            "host_arn": "",
            "id": "arn:aws:codestar-connections:ap-northeast-1:405952903393:connection/1f6279db-0734-44e2-98bb-186695973e09",
            "name": "pomodoro_backend",
            "provider_type": "GitHub",
            "tags": {
              "Description": "Managed by Terraform",
              "Service": "pomodoro-backend"
            }
          },
          "sensitive_attributes": []
        }
      ]
    },
    {
      "mode": "data",
      "type": "aws_ecr_repository",
      "name": "cloudwatch_agent",
      "provider": "provider[\"registry.terraform.io/hashicorp/aws\"]",
      "instances": [
        {
          "schema_version": 0,
          "attributes": {
            "arn": "arn:aws:ecr:ap-northeast-1:405952903393:repository/cloudwatch-agent",
            "encryption_configuration": [
              {
                "encryption_type": "KMS",
                "kms_key": "arn:aws:kms:ap-northeast-1:405952903393:key/1888fc34-2a89-47ed-99d8-cd337d0418e3"
              }
            ],
            "id": "cloudwatch-agent",
            "image_scanning_configuration": [
              {
                "scan_on_push": true
              }
            ],
            "image_tag_mutability": "IMMUTABLE",
            "most_recent_image_tags": [],
            "name": "cloudwatch-agent",
            "registry_id": "405952903393",
            "repository_url": "405952903393.dkr.ecr.ap-northeast-1.amazonaws.com/cloudwatch-agent",
            "tags": {
              "Description": "Managed by Terraform",
              "Service": "pomodoro-backend"
            }
          },
          "sensitive_attributes": []
        }
      ]
    },
    {
      "mode": "data",
      "type": "aws_ecr_repository",
      "name": "pomodoro_backend",
      "provider": "provider[\"registry.terraform.io/hashicorp/aws\"]",
      "instances": [
        {
          "schema_version": 0,
          "attributes": {
            "arn": "arn:aws:ecr:ap-northeast-1:405952903393:repository/pomodoro-backend",
            "encryption_configuration": [
              {
                "encryption_type": "KMS",
                "kms_key": "arn:aws:kms:ap-northeast-1:405952903393:key/42770426-9503-4cc9-bf16-2e89e004d351"
              }
            ],
            "id": "pomodoro-backend",
            "image_scanning_configuration": [
              {
                "scan_on_push": true
              }
            ],
            "image_tag_mutability": "IMMUTABLE",
            "most_recent_image_tags": [
              "main-log_router-20240128051641-3227d27"
            ],
            "name": "pomodoro-backend",
            "registry_id": "405952903393",
            "repository_url": "405952903393.dkr.ecr.ap-northeast-1.amazonaws.com/pomodoro-backend",
            "tags": {
              "Description": "Managed by Terraform",
              "Name": "pomodoro-backend",
              "Service": "pomodoro-backend"
            }
          },
          "sensitive_attributes": []
        }
      ]
    },
    {
      "mode": "data",
      "type": "aws_kms_key",
      "name": "pomodoro_backend",
      "provider": "provider[\"registry.terraform.io/hashicorp/aws\"]",
      "instances": [
        {
          "schema_version": 0,
          "attributes": {
            "arn": "arn:aws:kms:ap-northeast-1:405952903393:key/42770426-9503-4cc9-bf16-2e89e004d351",
            "aws_account_id": "405952903393",
            "cloud_hsm_cluster_id": "",
            "creation_date": "2024-01-28T03:00:10Z",
            "custom_key_store_id": "",
            "customer_master_key_spec": "SYMMETRIC_DEFAULT",
            "deletion_date": null,
            "description": "pomodoro_backend",
            "enabled": true,
            "expiration_model": "",
            "grant_tokens": null,
            "id": "42770426-9503-4cc9-bf16-2e89e004d351",
            "key_id": "alias/pomodoro_backend",
            "key_manager": "CUSTOMER",
            "key_spec": "SYMMETRIC_DEFAULT",
            "key_state": "Enabled",
            "key_usage": "ENCRYPT_DECRYPT",
            "multi_region": false,
            "multi_region_configuration": [],
            "origin": "AWS_KMS",
            "pending_deletion_window_in_days": 0,
            "valid_to": null,
            "xks_key_configuration": []
          },
          "sensitive_attributes": []
        }
      ]
    },
    {
      "mode": "data",
      "type": "aws_region",
      "name": "current",
      "provider": "provider[\"registry.terraform.io/hashicorp/aws\"]",
      "instances": [
        {
          "schema_version": 0,
          "attributes": {
            "description": "Asia Pacific (Tokyo)",
            "endpoint": "ec2.ap-northeast-1.amazonaws.com",
            "id": "ap-northeast-1",
            "name": "ap-northeast-1"
          },
          "sensitive_attributes": []
        }
      ]
    },
    {
      "mode": "data",
      "type": "aws_route53_zone",
      "name": "pomdoro_com_zone",
      "provider": "provider[\"registry.terraform.io/hashicorp/aws\"]",
      "instances": [
        {
          "schema_version": 0,
          "attributes": {
            "arn": "arn:aws:route53:::hostedzone/Z06994861CBD7U1ZUQR0Q",
            "caller_reference": "terraform-20240120020607386800000001",
            "comment": "Managed by Terraform",
            "id": "Z06994861CBD7U1ZUQR0Q",
            "linked_service_description": null,
            "linked_service_principal": null,
            "name": "pomo-sync-sounds.com",
            "name_servers": [
              "ns-879.awsdns-45.net",
              "ns-1809.awsdns-34.co.uk",
              "ns-119.awsdns-14.com",
              "ns-1364.awsdns-42.org"
            ],
            "primary_name_server": "ns-879.awsdns-45.net",
            "private_zone": false,
            "resource_record_set_count": 4,
            "tags": {
              "Description": "Managed by Terraform",
              "Service": "pomodoro"
            },
            "vpc_id": null,
            "zone_id": "Z06994861CBD7U1ZUQR0Q"
          },
          "sensitive_attributes": []
        }
      ]
    },
    {
      "mode": "data",
      "type": "aws_s3_bucket",
      "name": "pomodoro_backend",
      "provider": "provider[\"registry.terraform.io/hashicorp/aws\"]",
      "instances": [
        {
          "schema_version": 0,
          "attributes": {
            "arn": "arn:aws:s3:::pomodoro-backend",
            "bucket": "pomodoro-backend",
            "bucket_domain_name": "pomodoro-backend.s3.amazonaws.com",
            "bucket_regional_domain_name": "pomodoro-backend.s3.ap-northeast-1.amazonaws.com",
            "hosted_zone_id": "Z2M4EHUR26P7ZW",
            "id": "pomodoro-backend",
            "region": "ap-northeast-1",
            "website_domain": null,
            "website_endpoint": null
          },
          "sensitive_attributes": []
        }
      ]
    },
    {
      "mode": "data",
      "type": "aws_subnet",
      "name": "private_a",
      "provider": "provider[\"registry.terraform.io/hashicorp/aws\"]",
      "instances": [
        {
          "schema_version": 0,
          "attributes": {
            "arn": "arn:aws:ec2:ap-northeast-1:405952903393:subnet/subnet-00fedcfd6caadf0e9",
            "assign_ipv6_address_on_creation": false,
            "availability_zone": "ap-northeast-1a",
            "availability_zone_id": "apne1-az4",
            "available_ip_address_count": 55,
            "cidr_block": "10.1.0.128/26",
            "customer_owned_ipv4_pool": "",
            "default_for_az": false,
            "enable_dns64": false,
            "enable_lni_at_device_index": 0,
            "enable_resource_name_dns_a_record_on_launch": false,
            "enable_resource_name_dns_aaaa_record_on_launch": false,
            "filter": [
              {
                "name": "tag:Name",
                "values": [
                  "prod-pomodoro-backend-private-1a"
                ]
              }
            ],
            "id": "subnet-00fedcfd6caadf0e9",
            "ipv6_cidr_block": "",
            "ipv6_cidr_block_association_id": "",
            "ipv6_native": false,
            "map_customer_owned_ip_on_launch": false,
            "map_public_ip_on_launch": false,
            "outpost_arn": "",
            "owner_id": "405952903393",
            "private_dns_hostname_type_on_launch": "ip-name",
            "state": "available",
            "tags": {
              "Description": "Managed by Terraform",
              "Environment": "production",
              "Name": "prod-pomodoro-backend-private-1a",
              "Service": "pomodoro"
            },
            "timeouts": null,
            "vpc_id": "vpc-084a1bfe62bfa4ac0"
          },
          "sensitive_attributes": []
        }
      ]
    },
    {
      "mode": "data",
      "type": "aws_subnet",
      "name": "private_c",
      "provider": "provider[\"registry.terraform.io/hashicorp/aws\"]",
      "instances": [
        {
          "schema_version": 0,
          "attributes": {
            "arn": "arn:aws:ec2:ap-northeast-1:405952903393:subnet/subnet-06532a1e5a0b1cc0a",
            "assign_ipv6_address_on_creation": false,
            "availability_zone": "ap-northeast-1c",
            "availability_zone_id": "apne1-az1",
            "available_ip_address_count": 55,
            "cidr_block": "10.1.0.192/26",
            "customer_owned_ipv4_pool": "",
            "default_for_az": false,
            "enable_dns64": false,
            "enable_lni_at_device_index": 0,
            "enable_resource_name_dns_a_record_on_launch": false,
            "enable_resource_name_dns_aaaa_record_on_launch": false,
            "filter": [
              {
                "name": "tag:Name",
                "values": [
                  "prod-pomodoro-backend-private-1c"
                ]
              }
            ],
            "id": "subnet-06532a1e5a0b1cc0a",
            "ipv6_cidr_block": "",
            "ipv6_cidr_block_association_id": "",
            "ipv6_native": false,
            "map_customer_owned_ip_on_launch": false,
            "map_public_ip_on_launch": false,
            "outpost_arn": "",
            "owner_id": "405952903393",
            "private_dns_hostname_type_on_launch": "ip-name",
            "state": "available",
            "tags": {
              "Description": "Managed by Terraform",
              "Environment": "production",
              "Name": "prod-pomodoro-backend-private-1c",
              "Service": "pomodoro"
            },
            "timeouts": null,
            "vpc_id": "vpc-084a1bfe62bfa4ac0"
          },
          "sensitive_attributes": []
        }
      ]
    },
    {
      "mode": "data",
      "type": "aws_subnet",
      "name": "public_a",
      "provider": "provider[\"registry.terraform.io/hashicorp/aws\"]",
      "instances": [
        {
          "schema_version": 0,
          "attributes": {
            "arn": "arn:aws:ec2:ap-northeast-1:405952903393:subnet/subnet-033351aac052ecbed",
            "assign_ipv6_address_on_creation": false,
            "availability_zone": "ap-northeast-1a",
            "availability_zone_id": "apne1-az4",
            "available_ip_address_count": 58,
            "cidr_block": "10.1.0.0/26",
            "customer_owned_ipv4_pool": "",
            "default_for_az": false,
            "enable_dns64": false,
            "enable_lni_at_device_index": 0,
            "enable_resource_name_dns_a_record_on_launch": false,
            "enable_resource_name_dns_aaaa_record_on_launch": false,
            "filter": [
              {
                "name": "tag:Name",
                "values": [
                  "prod-pomodoro-backend-public-1a"
                ]
              }
            ],
            "id": "subnet-033351aac052ecbed",
            "ipv6_cidr_block": "",
            "ipv6_cidr_block_association_id": "",
            "ipv6_native": false,
            "map_customer_owned_ip_on_launch": false,
            "map_public_ip_on_launch": true,
            "outpost_arn": "",
            "owner_id": "405952903393",
            "private_dns_hostname_type_on_launch": "ip-name",
            "state": "available",
            "tags": {
              "Description": "Managed by Terraform",
              "Environment": "production",
              "Name": "prod-pomodoro-backend-public-1a",
              "Service": "pomodoro"
            },
            "timeouts": null,
            "vpc_id": "vpc-084a1bfe62bfa4ac0"
          },
          "sensitive_attributes": []
        }
      ]
    },
    {
      "mode": "data",
      "type": "aws_subnet",
      "name": "public_c",
      "provider": "provider[\"registry.terraform.io/hashicorp/aws\"]",
      "instances": [
        {
          "schema_version": 0,
          "attributes": {
            "arn": "arn:aws:ec2:ap-northeast-1:405952903393:subnet/subnet-02d3e96274447323b",
            "assign_ipv6_address_on_creation": false,
            "availability_zone": "ap-northeast-1c",
            "availability_zone_id": "apne1-az1",
            "available_ip_address_count": 58,
            "cidr_block": "10.1.0.64/26",
            "customer_owned_ipv4_pool": "",
            "default_for_az": false,
            "enable_dns64": false,
            "enable_lni_at_device_index": 0,
            "enable_resource_name_dns_a_record_on_launch": false,
            "enable_resource_name_dns_aaaa_record_on_launch": false,
            "filter": [
              {
                "name": "tag:Name",
                "values": [
                  "prod-pomodoro-backend-public-1c"
                ]
              }
            ],
            "id": "subnet-02d3e96274447323b",
            "ipv6_cidr_block": "",
            "ipv6_cidr_block_association_id": "",
            "ipv6_native": false,
            "map_customer_owned_ip_on_launch": false,
            "map_public_ip_on_launch": true,
            "outpost_arn": "",
            "owner_id": "405952903393",
            "private_dns_hostname_type_on_launch": "ip-name",
            "state": "available",
            "tags": {
              "Description": "Managed by Terraform",
              "Environment": "production",
              "Name": "prod-pomodoro-backend-public-1c",
              "Service": "pomodoro"
            },
            "timeouts": null,
            "vpc_id": "vpc-084a1bfe62bfa4ac0"
          },
          "sensitive_attributes": []
        }
      ]
    },
    {
      "mode": "data",
      "type": "aws_vpc",
      "name": "pomodoro",
      "provider": "provider[\"registry.terraform.io/hashicorp/aws\"]",
      "instances": [
        {
          "schema_version": 0,
          "attributes": {
            "arn": "arn:aws:ec2:ap-northeast-1:405952903393:vpc/vpc-084a1bfe62bfa4ac0",
            "cidr_block": "10.1.0.0/16",
            "cidr_block_associations": [
              {
                "association_id": "vpc-cidr-assoc-0c588c09e994b2027",
                "cidr_block": "10.1.0.0/16",
                "state": "associated"
              }
            ],
            "default": false,
            "dhcp_options_id": "dopt-06354996e82a84e05",
            "enable_dns_hostnames": true,
            "enable_dns_support": true,
            "enable_network_address_usage_metrics": false,
            "filter": null,
            "id": "vpc-084a1bfe62bfa4ac0",
            "instance_tenancy": "default",
            "ipv6_association_id": "",
            "ipv6_cidr_block": "",
            "main_route_table_id": "rtb-0a919045c1a953ad9",
            "owner_id": "405952903393",
            "state": null,
            "tags": {
              "Description": "Managed by Terraform",
              "Name": "pomodoro",
              "Service": "pomodoro"
            },
            "timeouts": null
          },
          "sensitive_attributes": []
        }
      ]
    },
    {
      "mode": "managed",
      "type": "aws_alb_listener",
      "name": "prod_pomodoro_backend_blue_http",
      "provider": "provider[\"registry.terraform.io/hashicorp/aws\"]",
      "instances": [
        {
          "schema_version": 0,
          "attributes": {
            "alpn_policy": null,
            "arn": "arn:aws:elasticloadbalancing:ap-northeast-1:405952903393:listener/app/prod-pomodoro-backend-alb/bb99cfd8f6619c2f/22a3e6db3f048e12",
            "certificate_arn": null,
            "default_action": [
              {
                "authenticate_cognito": [],
                "authenticate_oidc": [],
                "fixed_response": [],
                "forward": [],
                "order": 1,
                "redirect": [
                  {
                    "host": "#{host}",
                    "path": "/#{path}",
                    "port": "443",
                    "protocol": "HTTPS",
                    "query": "#{query}",
                    "status_code": "HTTP_301"
                  }
                ],
                "target_group_arn": "",
                "type": "redirect"
              }
            ],
            "id": "arn:aws:elasticloadbalancing:ap-northeast-1:405952903393:listener/app/prod-pomodoro-backend-alb/bb99cfd8f6619c2f/22a3e6db3f048e12",
            "load_balancer_arn": "arn:aws:elasticloadbalancing:ap-northeast-1:405952903393:loadbalancer/app/prod-pomodoro-backend-alb/bb99cfd8f6619c2f",
            "mutual_authentication": [],
            "port": 80,
            "protocol": "HTTP",
            "ssl_policy": "",
            "tags": {},
            "tags_all": {
              "CreatedByRole": "terraformer",
              "Description": "Managed by Terraform",
              "Service": "pomodoro-backend"
            },
            "timeouts": null
          },
          "sensitive_attributes": [],
          "private": "eyJlMmJmYjczMC1lY2FhLTExZTYtOGY4OC0zNDM2M2JjN2M0YzAiOnsiY3JlYXRlIjozMDAwMDAwMDAwMDAsInVwZGF0ZSI6MzAwMDAwMDAwMDAwfX0=",
          "dependencies": [
            "aws_lb.prod_pomodoro_backend_lb",
            "aws_security_group.prod_pomodoro_backend_alb",
            "data.aws_subnet.public_a",
            "data.aws_subnet.public_c",
            "data.aws_vpc.pomodoro"
          ]
        }
      ]
    },
    {
      "mode": "managed",
      "type": "aws_alb_listener",
      "name": "prod_pomodoro_backend_blue_https",
      "provider": "provider[\"registry.terraform.io/hashicorp/aws\"]",
      "instances": [
        {
          "schema_version": 0,
          "attributes": {
            "alpn_policy": null,
            "arn": "arn:aws:elasticloadbalancing:ap-northeast-1:405952903393:listener/app/prod-pomodoro-backend-alb/bb99cfd8f6619c2f/bb937bb37a2e50a3",
            "certificate_arn": "arn:aws:acm:ap-northeast-1:405952903393:certificate/6995268c-2bda-40a4-bddc-f779a9f8bcac",
            "default_action": [
              {
                "authenticate_cognito": [],
                "authenticate_oidc": [],
                "fixed_response": [],
                "forward": [],
                "order": 1,
                "redirect": [],
                "target_group_arn": "arn:aws:elasticloadbalancing:ap-northeast-1:405952903393:targetgroup/prod-pomodoro-backend-blue/935564324960031d",
                "type": "forward"
              }
            ],
            "id": "arn:aws:elasticloadbalancing:ap-northeast-1:405952903393:listener/app/prod-pomodoro-backend-alb/bb99cfd8f6619c2f/bb937bb37a2e50a3",
            "load_balancer_arn": "arn:aws:elasticloadbalancing:ap-northeast-1:405952903393:loadbalancer/app/prod-pomodoro-backend-alb/bb99cfd8f6619c2f",
            "mutual_authentication": [
              {
                "ignore_client_certificate_expiry": false,
                "mode": "off",
                "trust_store_arn": ""
              }
            ],
            "port": 443,
            "protocol": "HTTPS",
            "ssl_policy": "ELBSecurityPolicy-TLS-1-2-2017-01",
            "tags": {},
            "tags_all": {
              "CreatedByRole": "terraformer",
              "Description": "Managed by Terraform",
              "Service": "pomodoro-backend"
            },
            "timeouts": null
          },
          "sensitive_attributes": [],
          "private": "eyJlMmJmYjczMC1lY2FhLTExZTYtOGY4OC0zNDM2M2JjN2M0YzAiOnsiY3JlYXRlIjozMDAwMDAwMDAwMDAsInVwZGF0ZSI6MzAwMDAwMDAwMDAwfX0=",
          "dependencies": [
            "aws_alb_target_group.prod_pomodoro_backend_blue",
            "aws_lb.prod_pomodoro_backend_lb",
            "aws_security_group.prod_pomodoro_backend_alb",
            "data.aws_acm_certificate.pomodoro",
            "data.aws_subnet.public_a",
            "data.aws_subnet.public_c",
            "data.aws_vpc.pomodoro"
          ]
        }
      ]
    },
    {
      "mode": "managed",
      "type": "aws_alb_listener",
      "name": "prod_pomodoro_backend_green_https",
      "provider": "provider[\"registry.terraform.io/hashicorp/aws\"]",
      "instances": [
        {
          "schema_version": 0,
          "attributes": {
            "alpn_policy": null,
            "arn": "arn:aws:elasticloadbalancing:ap-northeast-1:405952903393:listener/app/prod-pomodoro-backend-alb/bb99cfd8f6619c2f/2040dadeb265adc7",
            "certificate_arn": "arn:aws:acm:ap-northeast-1:405952903393:certificate/6995268c-2bda-40a4-bddc-f779a9f8bcac",
            "default_action": [
              {
                "authenticate_cognito": [],
                "authenticate_oidc": [],
                "fixed_response": [],
                "forward": [],
                "order": 1,
                "redirect": [],
                "target_group_arn": "arn:aws:elasticloadbalancing:ap-northeast-1:405952903393:targetgroup/prod-pomodoro-backend-green/ef87cb98a9efeaca",
                "type": "forward"
              }
            ],
            "id": "arn:aws:elasticloadbalancing:ap-northeast-1:405952903393:listener/app/prod-pomodoro-backend-alb/bb99cfd8f6619c2f/2040dadeb265adc7",
            "load_balancer_arn": "arn:aws:elasticloadbalancing:ap-northeast-1:405952903393:loadbalancer/app/prod-pomodoro-backend-alb/bb99cfd8f6619c2f",
            "mutual_authentication": [
              {
                "ignore_client_certificate_expiry": false,
                "mode": "off",
                "trust_store_arn": ""
              }
            ],
            "port": 8080,
            "protocol": "HTTPS",
            "ssl_policy": "ELBSecurityPolicy-TLS-1-2-2017-01",
            "tags": {},
            "tags_all": {
              "CreatedByRole": "terraformer",
              "Description": "Managed by Terraform",
              "Service": "pomodoro-backend"
            },
            "timeouts": null
          },
          "sensitive_attributes": [],
          "private": "eyJlMmJmYjczMC1lY2FhLTExZTYtOGY4OC0zNDM2M2JjN2M0YzAiOnsiY3JlYXRlIjozMDAwMDAwMDAwMDAsInVwZGF0ZSI6MzAwMDAwMDAwMDAwfX0=",
          "dependencies": [
            "aws_alb_target_group.prod_pomodoro_backend_green",
            "aws_lb.prod_pomodoro_backend_lb",
            "aws_security_group.prod_pomodoro_backend_alb",
            "data.aws_acm_certificate.pomodoro",
            "data.aws_subnet.public_a",
            "data.aws_subnet.public_c",
            "data.aws_vpc.pomodoro"
          ]
        }
      ]
    },
    {
      "mode": "managed",
      "type": "aws_alb_target_group",
      "name": "prod_pomodoro_backend_blue",
      "provider": "provider[\"registry.terraform.io/hashicorp/aws\"]",
      "instances": [
        {
          "schema_version": 0,
          "attributes": {
            "arn": "arn:aws:elasticloadbalancing:ap-northeast-1:405952903393:targetgroup/prod-pomodoro-backend-blue/935564324960031d",
            "arn_suffix": "targetgroup/prod-pomodoro-backend-blue/935564324960031d",
            "connection_termination": null,
            "deregistration_delay": "30",
            "health_check": [
              {
                "enabled": true,
                "healthy_threshold": 2,
                "interval": 15,
                "matcher": "200",
                "path": "/healthcheck",
                "port": "traffic-port",
                "protocol": "HTTP",
                "timeout": 10,
                "unhealthy_threshold": 2
              }
            ],
            "id": "arn:aws:elasticloadbalancing:ap-northeast-1:405952903393:targetgroup/prod-pomodoro-backend-blue/935564324960031d",
            "ip_address_type": "ipv4",
            "lambda_multi_value_headers_enabled": false,
            "load_balancing_algorithm_type": "round_robin",
            "load_balancing_anomaly_mitigation": "off",
            "load_balancing_cross_zone_enabled": "use_load_balancer_configuration",
            "name": "prod-pomodoro-backend-blue",
            "name_prefix": "",
            "port": 80,
            "preserve_client_ip": null,
            "protocol": "HTTP",
            "protocol_version": "HTTP1",
            "proxy_protocol_v2": false,
            "slow_start": 0,
            "stickiness": [
              {
                "cookie_duration": 86400,
                "cookie_name": "",
                "enabled": false,
                "type": "lb_cookie"
              }
            ],
            "tags": {},
            "tags_all": {
              "CreatedByRole": "terraformer",
              "Description": "Managed by Terraform",
              "Service": "pomodoro-backend"
            },
            "target_failover": [
              {
                "on_deregistration": null,
                "on_unhealthy": null
              }
            ],
            "target_health_state": [
              {
                "enable_unhealthy_connection_termination": null
              }
            ],
            "target_type": "ip",
            "vpc_id": "vpc-084a1bfe62bfa4ac0"
          },
          "sensitive_attributes": [],
          "private": "bnVsbA==",
          "dependencies": [
            "data.aws_vpc.pomodoro"
          ]
        }
      ]
    },
    {
      "mode": "managed",
      "type": "aws_alb_target_group",
      "name": "prod_pomodoro_backend_green",
      "provider": "provider[\"registry.terraform.io/hashicorp/aws\"]",
      "instances": [
        {
          "schema_version": 0,
          "attributes": {
            "arn": "arn:aws:elasticloadbalancing:ap-northeast-1:405952903393:targetgroup/prod-pomodoro-backend-green/ef87cb98a9efeaca",
            "arn_suffix": "targetgroup/prod-pomodoro-backend-green/ef87cb98a9efeaca",
            "connection_termination": null,
            "deregistration_delay": "30",
            "health_check": [
              {
                "enabled": true,
                "healthy_threshold": 2,
                "interval": 15,
                "matcher": "200",
                "path": "/healthcheck",
                "port": "traffic-port",
                "protocol": "HTTP",
                "timeout": 10,
                "unhealthy_threshold": 2
              }
            ],
            "id": "arn:aws:elasticloadbalancing:ap-northeast-1:405952903393:targetgroup/prod-pomodoro-backend-green/ef87cb98a9efeaca",
            "ip_address_type": "ipv4",
            "lambda_multi_value_headers_enabled": false,
            "load_balancing_algorithm_type": "round_robin",
            "load_balancing_anomaly_mitigation": "off",
            "load_balancing_cross_zone_enabled": "use_load_balancer_configuration",
            "name": "prod-pomodoro-backend-green",
            "name_prefix": "",
            "port": 80,
            "preserve_client_ip": null,
            "protocol": "HTTP",
            "protocol_version": "HTTP1",
            "proxy_protocol_v2": false,
            "slow_start": 0,
            "stickiness": [
              {
                "cookie_duration": 86400,
                "cookie_name": "",
                "enabled": false,
                "type": "lb_cookie"
              }
            ],
            "tags": {},
            "tags_all": {
              "CreatedByRole": "terraformer",
              "Description": "Managed by Terraform",
              "Service": "pomodoro-backend"
            },
            "target_failover": [
              {
                "on_deregistration": null,
                "on_unhealthy": null
              }
            ],
            "target_health_state": [
              {
                "enable_unhealthy_connection_termination": null
              }
            ],
            "target_type": "ip",
            "vpc_id": "vpc-084a1bfe62bfa4ac0"
          },
          "sensitive_attributes": [],
          "private": "bnVsbA==",
          "dependencies": [
            "data.aws_vpc.pomodoro"
          ]
        }
      ]
    },
    {
      "mode": "managed",
      "type": "aws_appautoscaling_policy",
      "name": "prod_pomodoro_backend_scaling_policy",
      "provider": "provider[\"registry.terraform.io/hashicorp/aws\"]",
      "instances": [
        {
          "schema_version": 0,
          "attributes": {
            "alarm_arns": [
              "arn:aws:cloudwatch:ap-northeast-1:405952903393:alarm:TargetTracking-service/prod-pomodoro-backend/prod-pomodoro-backend-AlarmHigh-85d96971-fecc-4948-a40e-cf703e430456",
              "arn:aws:cloudwatch:ap-northeast-1:405952903393:alarm:TargetTracking-service/prod-pomodoro-backend/prod-pomodoro-backend-AlarmLow-87a3a93c-84c1-44c0-b636-bf6ef1429767"
            ],
            "arn": "arn:aws:autoscaling:ap-northeast-1:405952903393:scalingPolicy:5a0db946-1afe-41c7-b16e-c2ef39d530b1:resource/ecs/service/prod-pomodoro-backend/prod-pomodoro-backend:policyName/prod-pomodoro-backend-scale-policy",
            "id": "prod-pomodoro-backend-scale-policy",
            "name": "prod-pomodoro-backend-scale-policy",
            "policy_type": "TargetTrackingScaling",
            "resource_id": "service/prod-pomodoro-backend/prod-pomodoro-backend",
            "scalable_dimension": "ecs:service:DesiredCount",
            "service_namespace": "ecs",
            "step_scaling_policy_configuration": [],
            "target_tracking_scaling_policy_configuration": [
              {
                "customized_metric_specification": [],
                "disable_scale_in": false,
                "predefined_metric_specification": [
                  {
                    "predefined_metric_type": "ECSServiceAverageCPUUtilization",
                    "resource_label": ""
                  }
                ],
                "scale_in_cooldown": 300,
                "scale_out_cooldown": 0,
                "target_value": 40
              }
            ]
          },
          "sensitive_attributes": [],
          "private": "bnVsbA==",
          "dependencies": [
            "aws_alb_target_group.prod_pomodoro_backend_blue",
            "aws_appautoscaling_target.prod_pomodoro_backend_scaling_target",
            "aws_cloudwatch_log_group.ecs_prod_pomodoro_backend",
            "aws_ecs_cluster.prod_pomodoro_backend",
            "aws_ecs_service.prod_pomodoro_backend",
            "aws_ecs_task_definition.prod_pomodoro_backend",
            "aws_iam_role.prod_pomodoro_backend_ecs_task",
            "aws_iam_role.prod_pomodoro_backend_ecs_task_execution",
            "aws_kms_key.prod_pomodoro_backend_secrets_manager",
            "aws_secretsmanager_secret.prod_pomodoro_backend_application_secret",
            "aws_secretsmanager_secret.prod_pomodoro_db",
            "aws_security_group.prod_pomodoro_backend_alb",
            "aws_security_group.prod_pomodoro_backend_ecs_task",
            "data.aws_caller_identity.current",
            "data.aws_region.current",
            "data.aws_s3_bucket.pomodoro_backend",
            "data.aws_subnet.private_a",
            "data.aws_subnet.private_c",
            "data.aws_vpc.pomodoro"
          ]
        }
      ]
    },
    {
      "mode": "managed",
      "type": "aws_appautoscaling_target",
      "name": "prod_pomodoro_backend_scaling_target",
      "provider": "provider[\"registry.terraform.io/hashicorp/aws\"]",
      "instances": [
        {
          "schema_version": 0,
          "attributes": {
            "arn": "arn:aws:application-autoscaling:ap-northeast-1:405952903393:scalable-target/0ec55a0db9461afe41c7b16ec2ef39d530b1",
            "id": "service/prod-pomodoro-backend/prod-pomodoro-backend",
            "max_capacity": 1,
            "min_capacity": 1,
            "resource_id": "service/prod-pomodoro-backend/prod-pomodoro-backend",
            "role_arn": "arn:aws:iam::405952903393:role/aws-service-role/ecs.application-autoscaling.amazonaws.com/AWSServiceRoleForApplicationAutoScaling_ECSService",
            "scalable_dimension": "ecs:service:DesiredCount",
            "service_namespace": "ecs",
            "tags": {},
            "tags_all": {
              "CreatedByRole": "terraformer",
              "Description": "Managed by Terraform",
              "Service": "pomodoro-backend"
            }
          },
          "sensitive_attributes": [],
          "private": "bnVsbA==",
          "dependencies": [
            "aws_alb_target_group.prod_pomodoro_backend_blue",
            "aws_cloudwatch_log_group.ecs_prod_pomodoro_backend",
            "aws_ecs_cluster.prod_pomodoro_backend",
            "aws_ecs_service.prod_pomodoro_backend",
            "aws_ecs_task_definition.prod_pomodoro_backend",
            "aws_iam_role.prod_pomodoro_backend_ecs_task",
            "aws_iam_role.prod_pomodoro_backend_ecs_task_execution",
            "aws_kms_key.prod_pomodoro_backend_secrets_manager",
            "aws_secretsmanager_secret.prod_pomodoro_backend_application_secret",
            "aws_secretsmanager_secret.prod_pomodoro_db",
            "aws_security_group.prod_pomodoro_backend_alb",
            "aws_security_group.prod_pomodoro_backend_ecs_task",
            "data.aws_caller_identity.current",
            "data.aws_region.current",
            "data.aws_s3_bucket.pomodoro_backend",
            "data.aws_subnet.private_a",
            "data.aws_subnet.private_c",
            "data.aws_vpc.pomodoro"
          ]
        }
      ]
    },
    {
      "mode": "managed",
      "type": "aws_cloudwatch_log_group",
      "name": "ecs_prod_pomodoro_backend",
      "provider": "provider[\"registry.terraform.io/hashicorp/aws\"]",
      "instances": [
        {
          "schema_version": 0,
          "attributes": {
            "arn": "arn:aws:logs:ap-northeast-1:405952903393:log-group:/ecs/prod-pomodoro-backend",
            "id": "/ecs/prod-pomodoro-backend",
            "kms_key_id": "",
            "log_group_class": "STANDARD",
            "name": "/ecs/prod-pomodoro-backend",
            "name_prefix": "",
            "retention_in_days": 3,
            "skip_destroy": false,
            "tags": {},
            "tags_all": {
              "CreatedByRole": "terraformer",
              "Description": "Managed by Terraform",
              "Service": "pomodoro-backend"
            }
          },
          "sensitive_attributes": [],
          "private": "bnVsbA=="
        }
      ]
    },
    {
      "mode": "managed",
      "type": "aws_codebuild_project",
      "name": "prod_pomodoro_backend",
      "provider": "provider[\"registry.terraform.io/hashicorp/aws\"]",
      "instances": [
        {
          "schema_version": 0,
          "attributes": {
            "arn": "arn:aws:codebuild:ap-northeast-1:405952903393:project/prod-pomodoro-backend",
            "artifacts": [
              {
                "artifact_identifier": "",
                "bucket_owner_access": "",
                "encryption_disabled": false,
                "location": "",
                "name": "prod-pomodoro-backend",
                "namespace_type": "",
                "override_artifact_name": false,
                "packaging": "NONE",
                "path": "",
                "type": "CODEPIPELINE"
              }
            ],
            "badge_enabled": false,
            "badge_url": "",
            "build_batch_config": [],
            "build_timeout": 60,
            "cache": [
              {
                "location": "",
                "modes": [
                  "LOCAL_DOCKER_LAYER_CACHE",
                  "LOCAL_SOURCE_CACHE"
                ],
                "type": "LOCAL"
              }
            ],
            "concurrent_build_limit": 0,
            "description": "",
            "encryption_key": "arn:aws:kms:ap-northeast-1:405952903393:alias/aws/s3",
            "environment": [
              {
                "certificate": "",
                "compute_type": "BUILD_GENERAL1_SMALL",
                "environment_variable": [
                  {
                    "name": "AWS_ACCOUNT_ID",
                    "type": "PLAINTEXT",
                    "value": "405952903393"
                  },
                  {
                    "name": "AWS_REGION_NAME",
                    "type": "PLAINTEXT",
                    "value": "ap-northeast-1"
                  },
                  {
                    "name": "DOCKER_BUILDKIT",
                    "type": "PLAINTEXT",
                    "value": "1"
                  },
                  {
                    "name": "ECR_REPOSITORY_NAME",
                    "type": "PLAINTEXT",
                    "value": "pomodoro-backend"
                  },
                  {
                    "name": "RAILS_ENV",
                    "type": "PLAINTEXT",
                    "value": "production"
                  },
                  {
                    "name": "TARGET_BRANCH",
                    "type": "PLAINTEXT",
                    "value": "main"
                  },
                  {
                    "name": "TARGET_ENVIRONMENT",
                    "type": "PLAINTEXT",
                    "value": "production"
                  },
                  {
                    "name": "TASK_DEFINITION",
                    "type": "PLAINTEXT",
                    "value": "prod-pomodoro-backend:13"
                  }
                ],
                "image": "aws/codebuild/amazonlinux2-x86_64-standard:4.0",
                "image_pull_credentials_type": "CODEBUILD",
                "privileged_mode": true,
                "registry_credential": [],
                "type": "LINUX_CONTAINER"
              }
            ],
            "file_system_locations": [],
            "id": "arn:aws:codebuild:ap-northeast-1:405952903393:project/prod-pomodoro-backend",
            "logs_config": [
              {
                "cloudwatch_logs": [
                  {
                    "group_name": "",
                    "status": "DISABLED",
                    "stream_name": ""
                  }
                ],
                "s3_logs": [
                  {
                    "bucket_owner_access": "",
                    "encryption_disabled": true,
                    "location": "pomodoro-backend/codebuild/production/logs",
                    "status": "ENABLED"
                  }
                ]
              }
            ],
            "name": "prod-pomodoro-backend",
            "project_visibility": "PRIVATE",
            "public_project_alias": "",
            "queued_timeout": 480,
            "resource_access_role": "",
            "secondary_artifacts": [],
            "secondary_source_version": [],
            "secondary_sources": [],
            "service_role": "arn:aws:iam::405952903393:role/service-role/prod-pomodoro-backend-codebuild-service-role",
            "source": [
              {
                "build_status_config": [],
                "buildspec": ".container/buildspec.yml",
                "git_clone_depth": 0,
                "git_submodules_config": [],
                "insecure_ssl": false,
                "location": "",
                "report_build_status": false,
                "type": "CODEPIPELINE"
              }
            ],
            "source_version": "",
            "tags": {
              "Name": "pomodoro-backend-codebuild"
            },
            "tags_all": {
              "CreatedByRole": "terraformer",
              "Description": "Managed by Terraform",
              "Name": "pomodoro-backend-codebuild",
              "Service": "pomodoro-backend"
            },
            "vpc_config": []
          },
          "sensitive_attributes": [],
          "private": "bnVsbA==",
          "dependencies": [
            "aws_cloudwatch_log_group.ecs_prod_pomodoro_backend",
            "aws_ecs_task_definition.prod_pomodoro_backend",
            "aws_iam_role.prod_pomodoro_backend_codebuild_service_role",
            "aws_iam_role.prod_pomodoro_backend_ecs_task",
            "aws_iam_role.prod_pomodoro_backend_ecs_task_execution",
            "aws_kms_key.prod_pomodoro_backend_secrets_manager",
            "aws_secretsmanager_secret.prod_pomodoro_backend_application_secret",
            "aws_secretsmanager_secret.prod_pomodoro_db",
            "data.aws_caller_identity.current",
            "data.aws_ecr_repository.pomodoro_backend",
            "data.aws_region.current",
            "data.aws_s3_bucket.pomodoro_backend"
          ]
        }
      ]
    },
    {
      "mode": "managed",
      "type": "aws_codedeploy_deployment_group",
      "name": "prod_pomodoro_backend",
      "provider": "provider[\"registry.terraform.io/hashicorp/aws\"]",
      "instances": [
        {
          "schema_version": 0,
          "attributes": {
            "alarm_configuration": [],
            "app_name": "pomodoro-backend",
            "arn": "arn:aws:codedeploy:ap-northeast-1:405952903393:deploymentgroup:pomodoro-backend/prod-pomodoro-backend",
            "auto_rollback_configuration": [
              {
                "enabled": true,
                "events": [
                  "DEPLOYMENT_FAILURE"
                ]
              }
            ],
            "autoscaling_groups": [],
            "blue_green_deployment_config": [
              {
                "deployment_ready_option": [
                  {
                    "action_on_timeout": "STOP_DEPLOYMENT",
                    "wait_time_in_minutes": 30
                  }
                ],
                "green_fleet_provisioning_option": [],
                "terminate_blue_instances_on_deployment_success": [
                  {
                    "action": "TERMINATE",
                    "termination_wait_time_in_minutes": 60
                  }
                ]
              }
            ],
            "compute_platform": "ECS",
            "deployment_config_name": "CodeDeployDefault.ECSAllAtOnce",
            "deployment_group_id": "55be4c0a-9faf-4b40-a2d1-f7bde0c6730b",
            "deployment_group_name": "prod-pomodoro-backend",
            "deployment_style": [
              {
                "deployment_option": "WITH_TRAFFIC_CONTROL",
                "deployment_type": "BLUE_GREEN"
              }
            ],
            "ec2_tag_filter": [],
            "ec2_tag_set": [],
            "ecs_service": [
              {
                "cluster_name": "prod-pomodoro-backend",
                "service_name": "prod-pomodoro-backend"
              }
            ],
            "id": "55be4c0a-9faf-4b40-a2d1-f7bde0c6730b",
            "load_balancer_info": [
              {
                "elb_info": [],
                "target_group_info": [],
                "target_group_pair_info": [
                  {
                    "prod_traffic_route": [
                      {
                        "listener_arns": [
                          "arn:aws:elasticloadbalancing:ap-northeast-1:405952903393:listener/app/prod-pomodoro-backend-alb/bb99cfd8f6619c2f/bb937bb37a2e50a3"
                        ]
                      }
                    ],
                    "target_group": [
                      {
                        "name": "prod-pomodoro-backend-blue"
                      },
                      {
                        "name": "prod-pomodoro-backend-green"
                      }
                    ],
                    "test_traffic_route": [
                      {
                        "listener_arns": [
                          "arn:aws:elasticloadbalancing:ap-northeast-1:405952903393:listener/app/prod-pomodoro-backend-alb/bb99cfd8f6619c2f/2040dadeb265adc7"
                        ]
                      }
                    ]
                  }
                ]
              }
            ],
            "on_premises_instance_tag_filter": [],
            "outdated_instances_strategy": "UPDATE",
            "service_role_arn": "arn:aws:iam::405952903393:role/service-role/prod-pomodoro-backend-codedeploy-service-role",
            "tags": {},
            "tags_all": {
              "CreatedByRole": "terraformer",
              "Description": "Managed by Terraform",
              "Service": "pomodoro-backend"
            },
            "trigger_configuration": []
          },
          "sensitive_attributes": [],
          "private": "bnVsbA==",
          "dependencies": [
            "aws_alb_listener.prod_pomodoro_backend_blue_https",
            "aws_alb_listener.prod_pomodoro_backend_green_https",
            "aws_alb_target_group.prod_pomodoro_backend_blue",
            "aws_alb_target_group.prod_pomodoro_backend_green",
            "aws_cloudwatch_log_group.ecs_prod_pomodoro_backend",
            "aws_ecs_cluster.prod_pomodoro_backend",
            "aws_ecs_service.prod_pomodoro_backend",
            "aws_ecs_task_definition.prod_pomodoro_backend",
            "aws_iam_role.prod_pomodoro_backend_codedeploy_service_role",
            "aws_iam_role.prod_pomodoro_backend_ecs_task",
            "aws_iam_role.prod_pomodoro_backend_ecs_task_execution",
            "aws_kms_key.prod_pomodoro_backend_secrets_manager",
            "aws_lb.prod_pomodoro_backend_lb",
            "aws_secretsmanager_secret.prod_pomodoro_backend_application_secret",
            "aws_secretsmanager_secret.prod_pomodoro_db",
            "aws_security_group.prod_pomodoro_backend_alb",
            "aws_security_group.prod_pomodoro_backend_ecs_task",
            "data.aws_acm_certificate.pomodoro",
            "data.aws_caller_identity.current",
            "data.aws_region.current",
            "data.aws_s3_bucket.pomodoro_backend",
            "data.aws_subnet.private_a",
            "data.aws_subnet.private_c",
            "data.aws_subnet.public_a",
            "data.aws_subnet.public_c",
            "data.aws_vpc.pomodoro"
          ]
        }
      ]
    },
    {
      "mode": "managed",
      "type": "aws_codepipeline",
      "name": "prod_pomodoro_backend",
      "provider": "provider[\"registry.terraform.io/hashicorp/aws\"]",
      "instances": [
        {
          "schema_version": 0,
          "attributes": {
            "arn": "arn:aws:codepipeline:ap-northeast-1:405952903393:prod-pomodoro-backend",
            "artifact_store": [
              {
                "encryption_key": [],
                "location": "prod-pomodoro-backend-codepipeline",
                "region": "",
                "type": "S3"
              }
            ],
            "id": "prod-pomodoro-backend",
            "name": "prod-pomodoro-backend",
            "pipeline_type": "V1",
            "role_arn": "arn:aws:iam::405952903393:role/service-role/prod-pomodoro-backend-codepipeline-service-role",
            "stage": [
              {
                "action": [
                  {
                    "category": "Source",
                    "configuration": {
                      "BranchName": "main",
                      "ConnectionArn": "arn:aws:codestar-connections:ap-northeast-1:405952903393:connection/1f6279db-0734-44e2-98bb-186695973e09",
                      "FullRepositoryId": "daichi1991/pomodoro_playlist_backend",
                      "OutputArtifactFormat": "CODE_ZIP"
                    },
                    "input_artifacts": [],
                    "name": "Source",
                    "namespace": "SourceVariables",
                    "output_artifacts": [
                      "SourceArtifact"
                    ],
                    "owner": "AWS",
                    "provider": "CodeStarSourceConnection",
                    "region": "ap-northeast-1",
                    "role_arn": "",
                    "run_order": 1,
                    "version": "1"
                  }
                ],
                "name": "Source"
              },
              {
                "action": [
                  {
                    "category": "Build",
                    "configuration": {
                      "ProjectName": "prod-pomodoro-backend"
                    },
                    "input_artifacts": [
                      "SourceArtifact"
                    ],
                    "name": "Build",
                    "namespace": "BuildVariables",
                    "output_artifacts": [
                      "BuildArtifact"
                    ],
                    "owner": "AWS",
                    "provider": "CodeBuild",
                    "region": "ap-northeast-1",
                    "role_arn": "",
                    "run_order": 1,
                    "version": "1"
                  }
                ],
                "name": "Build"
              },
              {
                "action": [
                  {
                    "category": "Deploy",
                    "configuration": {
                      "AppSpecTemplateArtifact": "BuildArtifact",
                      "AppSpecTemplatePath": "appspec.yml",
                      "ApplicationName": "pomodoro-backend",
                      "DeploymentGroupName": "prod-pomodoro-backend",
                      "TaskDefinitionTemplateArtifact": "BuildArtifact",
                      "TaskDefinitionTemplatePath": "taskdef.json"
                    },
                    "input_artifacts": [
                      "BuildArtifact"
                    ],
                    "name": "Deploy",
                    "namespace": "",
                    "output_artifacts": [],
                    "owner": "AWS",
                    "provider": "CodeDeployToECS",
                    "region": "ap-northeast-1",
                    "role_arn": "",
                    "run_order": 1,
                    "version": "1"
                  }
                ],
                "name": "Deploy"
              }
            ],
            "tags": {},
            "tags_all": {
              "CreatedByRole": "terraformer",
              "Description": "Managed by Terraform",
              "Service": "pomodoro-backend"
            },
            "variable": []
          },
          "sensitive_attributes": [],
          "private": "bnVsbA==",
          "dependencies": [
            "aws_cloudwatch_log_group.ecs_prod_pomodoro_backend",
            "aws_codebuild_project.prod_pomodoro_backend",
            "aws_ecs_task_definition.prod_pomodoro_backend",
            "aws_iam_role.prod_pomodoro_backend_codebuild_service_role",
            "aws_iam_role.prod_pomodoro_backend_codepipeline_service_role",
            "aws_iam_role.prod_pomodoro_backend_ecs_task",
            "aws_iam_role.prod_pomodoro_backend_ecs_task_execution",
            "aws_kms_key.prod_pomodoro_backend_secrets_manager",
            "aws_s3_bucket.prod_pomodoro_backend_pipeline_artifact",
            "aws_secretsmanager_secret.prod_pomodoro_backend_application_secret",
            "aws_secretsmanager_secret.prod_pomodoro_db",
            "data.aws_caller_identity.current",
            "data.aws_codestarconnections_connection.pomodoro_backend",
            "data.aws_ecr_repository.pomodoro_backend",
            "data.aws_region.current",
            "data.aws_s3_bucket.pomodoro_backend"
          ]
        }
      ]
    },
    {
      "mode": "managed",
      "type": "aws_ecs_cluster",
      "name": "prod_pomodoro_backend",
      "provider": "provider[\"registry.terraform.io/hashicorp/aws\"]",
      "instances": [
        {
          "schema_version": 0,
          "attributes": {
            "arn": "arn:aws:ecs:ap-northeast-1:405952903393:cluster/prod-pomodoro-backend",
            "configuration": [
              {
                "execute_command_configuration": [
                  {
                    "kms_key_id": "",
                    "log_configuration": [
                      {
                        "cloud_watch_encryption_enabled": false,
                        "cloud_watch_log_group_name": "/ecs/prod-pomodoro-backend",
                        "s3_bucket_encryption_enabled": false,
                        "s3_bucket_name": "pomodoro-backend",
                        "s3_key_prefix": "production/ecs_execute_command/"
                      }
                    ],
                    "logging": "OVERRIDE"
                  }
                ]
              }
            ],
            "id": "arn:aws:ecs:ap-northeast-1:405952903393:cluster/prod-pomodoro-backend",
            "name": "prod-pomodoro-backend",
            "service_connect_defaults": [],
            "setting": [
              {
                "name": "containerInsights",
                "value": "enabled"
              }
            ],
            "tags": {},
            "tags_all": {
              "CreatedByRole": "terraformer",
              "Description": "Managed by Terraform",
              "Service": "pomodoro-backend"
            }
          },
          "sensitive_attributes": [],
          "private": "bnVsbA==",
          "dependencies": [
            "aws_cloudwatch_log_group.ecs_prod_pomodoro_backend",
            "data.aws_s3_bucket.pomodoro_backend"
          ]
        }
      ]
    },
    {
      "mode": "managed",
      "type": "aws_ecs_cluster_capacity_providers",
      "name": "prod_pomodoro_backend",
      "provider": "provider[\"registry.terraform.io/hashicorp/aws\"]",
      "instances": [
        {
          "schema_version": 0,
          "attributes": {
            "capacity_providers": [
              "FARGATE",
              "FARGATE_SPOT"
            ],
            "cluster_name": "prod-pomodoro-backend",
            "default_capacity_provider_strategy": [],
            "id": "prod-pomodoro-backend"
          },
          "sensitive_attributes": [],
          "private": "bnVsbA==",
          "dependencies": [
            "aws_cloudwatch_log_group.ecs_prod_pomodoro_backend",
            "aws_ecs_cluster.prod_pomodoro_backend",
            "data.aws_s3_bucket.pomodoro_backend"
          ]
        }
      ]
    },
    {
      "mode": "managed",
      "type": "aws_ecs_service",
      "name": "prod_pomodoro_backend",
      "provider": "provider[\"registry.terraform.io/hashicorp/aws\"]",
      "instances": [
        {
          "schema_version": 0,
          "attributes": {
            "alarms": [],
            "capacity_provider_strategy": [],
            "cluster": "arn:aws:ecs:ap-northeast-1:405952903393:cluster/prod-pomodoro-backend",
            "deployment_circuit_breaker": [],
            "deployment_controller": [
              {
                "type": "CODE_DEPLOY"
              }
            ],
            "deployment_maximum_percent": 200,
            "deployment_minimum_healthy_percent": 100,
            "desired_count": 1,
            "enable_ecs_managed_tags": true,
            "enable_execute_command": true,
            "force_new_deployment": null,
            "health_check_grace_period_seconds": 0,
            "iam_role": "/aws-service-role/ecs.amazonaws.com/AWSServiceRoleForECS",
            "id": "arn:aws:ecs:ap-northeast-1:405952903393:service/prod-pomodoro-backend/prod-pomodoro-backend",
            "launch_type": "FARGATE",
            "load_balancer": [
              {
                "container_name": "proxy",
                "container_port": 80,
                "elb_name": "",
                "target_group_arn": "arn:aws:elasticloadbalancing:ap-northeast-1:405952903393:targetgroup/prod-pomodoro-backend-blue/935564324960031d"
              }
            ],
            "name": "prod-pomodoro-backend",
            "network_configuration": [
              {
                "assign_public_ip": true,
                "security_groups": [
                  "sg-0a16c059000d554ce"
                ],
                "subnets": [
                  "subnet-00fedcfd6caadf0e9",
                  "subnet-06532a1e5a0b1cc0a"
                ]
              }
            ],
            "ordered_placement_strategy": [],
            "placement_constraints": [],
            "platform_version": "1.4.0",
            "propagate_tags": "SERVICE",
            "scheduling_strategy": "REPLICA",
            "service_connect_configuration": [],
            "service_registries": [],
            "tags": {},
            "tags_all": {
              "CreatedByRole": "terraformer",
              "Description": "Managed by Terraform",
              "Service": "pomodoro-backend"
            },
            "task_definition": "arn:aws:ecs:ap-northeast-1:405952903393:task-definition/prod-pomodoro-backend:10",
            "timeouts": null,
            "triggers": {},
            "wait_for_steady_state": false
          },
          "sensitive_attributes": [],
          "private": "eyJlMmJmYjczMC1lY2FhLTExZTYtOGY4OC0zNDM2M2JjN2M0YzAiOnsiY3JlYXRlIjoxMjAwMDAwMDAwMDAwLCJkZWxldGUiOjEyMDAwMDAwMDAwMDAsInVwZGF0ZSI6MTIwMDAwMDAwMDAwMH19",
          "dependencies": [
            "aws_alb_target_group.prod_pomodoro_backend_blue",
            "aws_cloudwatch_log_group.ecs_prod_pomodoro_backend",
            "aws_ecs_cluster.prod_pomodoro_backend",
            "aws_ecs_task_definition.prod_pomodoro_backend",
            "aws_iam_role.prod_pomodoro_backend_ecs_task",
            "aws_iam_role.prod_pomodoro_backend_ecs_task_execution",
            "aws_kms_key.prod_pomodoro_backend_secrets_manager",
            "aws_secretsmanager_secret.prod_pomodoro_backend_application_secret",
            "aws_secretsmanager_secret.prod_pomodoro_db",
            "aws_security_group.prod_pomodoro_backend_alb",
            "aws_security_group.prod_pomodoro_backend_ecs_task",
            "data.aws_caller_identity.current",
            "data.aws_region.current",
            "data.aws_s3_bucket.pomodoro_backend",
            "data.aws_subnet.private_a",
            "data.aws_subnet.private_c",
            "data.aws_vpc.pomodoro"
          ]
        }
      ]
    },
    {
      "mode": "managed",
      "type": "aws_ecs_task_definition",
      "name": "prod_pomodoro_backend",
      "provider": "provider[\"registry.terraform.io/hashicorp/aws\"]",
      "instances": [
        {
          "schema_version": 1,
          "attributes": {
            "arn": "arn:aws:ecs:ap-northeast-1:405952903393:task-definition/prod-pomodoro-backend:13",
            "arn_without_revision": "arn:aws:ecs:ap-northeast-1:405952903393:task-definition/prod-pomodoro-backend",
            "container_definitions": "[{\"cpu\":0,\"environment\":[{\"name\":\"AWS_CLOUDWATCH_LOG_GROUP_NAME\",\"value\":\"/ecs/prod-pomodoro-backend\"},{\"name\":\"AWS_CLOUDWATCH_LOG_STREAM_PREFIX\",\"value\":\"ecs/\"},{\"name\":\"AWS_KINESIS_FIREHOSE_DELIVERY_STREAM_NAME_PROXY\",\"value\":\"prod_pomodoro_backend_proxy_messages\"},{\"name\":\"AWS_KINESIS_FIREHOSE_DELIVERY_STREAM_NAME_WEB\",\"value\":\"prod_pomodoro_backend_web_messages\"},{\"name\":\"AWS_REGION\",\"value\":\"ap-northeast-1\"},{\"name\":\"TASK_DEFINITION_CONTAINER_NAME_PROXY\",\"value\":\"proxy\"},{\"name\":\"TASK_DEFINITION_CONTAINER_NAME_WEB\",\"value\":\"web\"}],\"essential\":true,\"firelensConfiguration\":{\"options\":{\"config-file-type\":\"file\",\"config-file-value\":\"/fluent-bit/etc/extra/web.conf\",\"enable-ecs-log-metadata\":\"true\"},\"type\":\"fluentbit\"},\"healthCheck\":{\"command\":[\"CMD-SHELL\",\"curl -f http://localhost:8080/healthcheck || exit 1\"],\"interval\":30,\"retries\":3,\"startPeriod\":0,\"timeout\":5},\"image\":\"405952903393.dkr.ecr.ap-northeast-1.amazonaws.com/pomodoro-backend-backend:main-log_router-latest\",\"logConfiguration\":{\"logDriver\":\"awslogs\",\"options\":{\"awslogs-group\":\"/ecs/prod-pomodoro-backend\",\"awslogs-region\":\"ap-northeast-1\",\"awslogs-stream-prefix\":\"ecs\"}},\"mountPoints\":[],\"name\":\"log_router\",\"portMappings\":[{\"containerPort\":8081,\"hostPort\":8081,\"protocol\":\"tcp\"}],\"user\":\"0\",\"volumesFrom\":[]},{\"cpu\":0,\"environment\":[{\"name\":\"RAILS_ENV\",\"value\":\"production\"}],\"essential\":true,\"healthCheck\":{\"command\":[\"CMD-SHELL\",\"curl -f http://localhost:8080/healthcheck || exit 1\"],\"interval\":30,\"retries\":3,\"startPeriod\":0,\"timeout\":5},\"image\":\"405952903393.dkr.ecr.ap-northeast-1.amazonaws.com/pomodoro-backend-backend:main-web-latest\",\"logConfiguration\":{\"logDriver\":\"awsfirelens\"},\"mountPoints\":[],\"name\":\"web\",\"portMappings\":[{\"containerPort\":8082,\"hostPort\":8082,\"protocol\":\"tcp\"}],\"secrets\":[{\"name\":\"DATABASE_HOST\",\"valueFrom\":\"arn:aws:secretsmanager:ap-northeast-1:405952903393:secret:prod-pomodoro-database-U14CkH:host::\"},{\"name\":\"DATABASE_DATABASE\",\"valueFrom\":\"arn:aws:secretsmanager:ap-northeast-1:405952903393:secret:prod-pomodoro-database-U14CkH:dbname::\"},{\"name\":\"DATABASE_PASSWORD\",\"valueFrom\":\"arn:aws:secretsmanager:ap-northeast-1:405952903393:secret:prod-pomodoro-database-U14CkH:password::\"},{\"name\":\"DATABASE_USER\",\"valueFrom\":\"arn:aws:secretsmanager:ap-northeast-1:405952903393:secret:prod-pomodoro-database-U14CkH:username::\"},{\"name\":\"SECRET_VALUES\",\"valueFrom\":\"arn:aws:secretsmanager:ap-northeast-1:405952903393:secret:prod-pomodoro-backend-application-secret-dXEdaF\"}],\"volumesFrom\":[]},{\"cpu\":0,\"dependsOn\":[{\"condition\":\"START\",\"containerName\":\"web\"}],\"environment\":[{\"name\":\"ENABLE_API_DOCS\",\"value\":\"false\"}],\"essential\":true,\"healthCheck\":{\"command\":[\"CMD-SHELL\",\"curl -f http://localhost:8080/healthcheck || exit 1\"],\"interval\":30,\"retries\":3,\"startPeriod\":0,\"timeout\":5},\"image\":\"405952903393.dkr.ecr.ap-northeast-1.amazonaws.com/pomodoro-backend-backend:main-proxy-latest\",\"logConfiguration\":{\"logDriver\":\"awsfirelens\"},\"mountPoints\":[],\"name\":\"proxy\",\"portMappings\":[{\"containerPort\":80,\"hostPort\":80,\"protocol\":\"tcp\"}],\"startTimeout\":30,\"stopTimeout\":30,\"volumesFrom\":[{\"sourceContainer\":\"web\"}]}]",
            "cpu": "256",
            "ephemeral_storage": [],
            "execution_role_arn": "arn:aws:iam::405952903393:role/service-role/prod-pomodoro-backend-ecs-task-execution",
            "family": "prod-pomodoro-backend",
            "id": "prod-pomodoro-backend",
            "inference_accelerator": [],
            "ipc_mode": "",
            "memory": "512",
            "network_mode": "awsvpc",
            "pid_mode": "",
            "placement_constraints": [],
            "proxy_configuration": [],
            "requires_compatibilities": [
              "FARGATE"
            ],
            "revision": 13,
            "runtime_platform": [
              {
                "cpu_architecture": "X86_64",
                "operating_system_family": "LINUX"
              }
            ],
            "skip_destroy": true,
            "tags": {},
            "tags_all": {
              "CreatedByRole": "terraformer",
              "Description": "Managed by Terraform",
              "Service": "pomodoro-backend"
            },
            "task_role_arn": "arn:aws:iam::405952903393:role/prod-pomodoro-backend-ecs-task",
            "volume": []
          },
          "sensitive_attributes": [],
          "private": "eyJzY2hlbWFfdmVyc2lvbiI6IjEifQ==",
          "dependencies": [
            "aws_cloudwatch_log_group.ecs_prod_pomodoro_backend",
            "aws_iam_role.prod_pomodoro_backend_ecs_task",
            "aws_iam_role.prod_pomodoro_backend_ecs_task_execution",
            "aws_kms_key.prod_pomodoro_backend_secrets_manager",
            "aws_secretsmanager_secret.prod_pomodoro_backend_application_secret",
            "aws_secretsmanager_secret.prod_pomodoro_db",
            "data.aws_caller_identity.current",
            "data.aws_region.current"
          ]
        }
      ]
    },
    {
      "mode": "managed",
      "type": "aws_iam_policy",
      "name": "prod_pomodoro_backend_codebuild",
      "provider": "provider[\"registry.terraform.io/hashicorp/aws\"]",
      "instances": [
        {
          "schema_version": 0,
          "attributes": {
            "arn": "arn:aws:iam::405952903393:policy/service-role/prod-pomodoro-backend-codebuild",
            "description": "Policy used in trust relationship with CodeBuild",
            "id": "arn:aws:iam::405952903393:policy/service-role/prod-pomodoro-backend-codebuild",
            "name": "prod-pomodoro-backend-codebuild",
            "name_prefix": "",
            "path": "/service-role/",
            "policy": "{\"Statement\":[{\"Action\":[\"s3:PutObject\",\"s3:GetObject\",\"s3:GetObjectVersion\",\"s3:GetBucketAcl\",\"s3:GetBucketLocation\"],\"Effect\":\"Allow\",\"Resource\":[\"arn:aws:s3:::prod-pomodoro-backend-codepipeline/*\"]},{\"Action\":[\"s3:PutObject\",\"s3:GetBucketAcl\",\"s3:GetBucketLocation\"],\"Effect\":\"Allow\",\"Resource\":[\"arn:aws:s3:::pomodoro-backend\",\"arn:aws:s3:::pomodoro-backend/*\"]},{\"Action\":[\"codebuild:CreateReportGroup\",\"codebuild:CreateReport\",\"codebuild:UpdateReport\",\"codebuild:BatchPutTestCases\",\"codebuild:BatchPutCodeCoverages\"],\"Effect\":\"Allow\",\"Resource\":[\"arn:aws:codebuild:ap-northeast-1:405952903393:report-group/prod-pomodoro-backend-*\"]},{\"Action\":[\"ecr:BatchCheckLayerAvailability\",\"ecr:CompleteLayerUpload\",\"ecr:InitiateLayerUpload\",\"ecr:PutImage\",\"ecr:UploadLayerPart\",\"ecr:BatchDeleteImage\"],\"Effect\":\"Allow\",\"Resource\":[\"arn:aws:ecr:ap-northeast-1:405952903393:repository/pomodoro-backend\"]},{\"Action\":\"ecr:GetAuthorizationToken\",\"Effect\":\"Allow\",\"Resource\":\"*\"},{\"Action\":[\"secretsmanager:GetSecretValue\"],\"Effect\":\"Allow\",\"Resource\":[\"arn:aws:secretsmanager:ap-northeast-1:405952903393:secret:prod-pomodoro-backend-application-secret-dXEdaF\"]},{\"Action\":[\"kms:Decrypt\"],\"Effect\":\"Allow\",\"Resource\":[\"arn:aws:kms:ap-northeast-1:405952903393:key/4ab682d5-9267-4611-94ba-2397d2887829\"]},{\"Action\":[\"ecs:DescribeTaskDefinition\"],\"Effect\":\"Allow\",\"Resource\":\"*\"}],\"Version\":\"2012-10-17\"}",
            "policy_id": "ANPAV5BFNXDQYYZPXVT74",
            "tags": {},
            "tags_all": {
              "CreatedByRole": "terraformer",
              "Description": "Managed by Terraform",
              "Service": "pomodoro-backend"
            }
          },
          "sensitive_attributes": [],
          "private": "bnVsbA==",
          "dependencies": [
            "aws_kms_key.prod_pomodoro_backend_secrets_manager",
            "aws_s3_bucket.prod_pomodoro_backend_pipeline_artifact",
            "aws_secretsmanager_secret.prod_pomodoro_backend_application_secret",
            "data.aws_caller_identity.current",
            "data.aws_ecr_repository.pomodoro_backend"
          ]
        }
      ]
    },
    {
      "mode": "managed",
      "type": "aws_iam_policy",
      "name": "prod_pomodoro_backend_codedeploy",
      "provider": "provider[\"registry.terraform.io/hashicorp/aws\"]",
      "instances": [
        {
          "schema_version": 0,
          "attributes": {
            "arn": "arn:aws:iam::405952903393:policy/service-role/prod-pomodoro-backend-codedeploy-policy",
            "description": "",
            "id": "arn:aws:iam::405952903393:policy/service-role/prod-pomodoro-backend-codedeploy-policy",
            "name": "prod-pomodoro-backend-codedeploy-policy",
            "name_prefix": "",
            "path": "/service-role/",
            "policy": "{\"Statement\":[{\"Action\":[\"ecs:DescribeServices\",\"ecs:UpdateServicePrimaryTaskSet\"],\"Effect\":\"Allow\",\"Resource\":\"arn:aws:ecs:ap-northeast-1:405952903393:service/prod-pomodoro-backend/prod-pomodoro-backend\"},{\"Action\":[\"ecs:CreateTaskSet\",\"ecs:DeleteTaskSet\"],\"Condition\":{\"StringLike\":{\"ecs:service\":\"arn:aws:ecs:ap-northeast-1:405952903393:service/prod-pomodoro-backend/prod-pomodoro-backend\"}},\"Effect\":\"Allow\",\"Resource\":\"*\"},{\"Action\":\"cloudwatch:DescribeAlarms\",\"Effect\":\"Allow\",\"Resource\":\"*\"},{\"Action\":\"sns:Publish\",\"Effect\":\"Allow\",\"Resource\":\"arn:aws:sns:*:*:CodeDeployTopic_*\"},{\"Action\":\"elasticloadbalancing:ModifyListener\",\"Effect\":\"Allow\",\"Resource\":[\"arn:aws:elasticloadbalancing:ap-northeast-1:405952903393:listener/app/prod-pomodoro-backend-alb/bb99cfd8f6619c2f/bb937bb37a2e50a3\",\"arn:aws:elasticloadbalancing:ap-northeast-1:405952903393:listener/app/prod-pomodoro-backend-alb/bb99cfd8f6619c2f/2040dadeb265adc7\"]},{\"Action\":[\"elasticloadbalancing:DescribeTargetGroups\",\"elasticloadbalancing:DescribeListeners\",\"elasticloadbalancing:DescribeRules\",\"elasticloadbalancing:ModifyListener\",\"elasticloadbalancing:ModifyRule\"],\"Effect\":\"Allow\",\"Resource\":\"*\"},{\"Action\":\"lambda:InvokeFunction\",\"Effect\":\"Allow\",\"Resource\":\"arn:aws:lambda:*:*:function:CodeDeployHook_*\"},{\"Action\":[\"s3:GetObject\",\"s3:GetObjectVersion\"],\"Condition\":{\"StringEquals\":{\"s3:ExistingObjectTag/UseWithCodeDeploy\":\"true\"}},\"Effect\":\"Allow\",\"Resource\":\"*\"},{\"Action\":[\"s3:PutObject\",\"s3:GetObject\",\"s3:GetObjectVersion\",\"s3:GetBucketAcl\",\"s3:GetBucketLocation\"],\"Effect\":\"Allow\",\"Resource\":[\"arn:aws:s3:::prod-pomodoro-backend-codepipeline/*\"]},{\"Action\":[\"iam:PassRole\"],\"Condition\":{\"StringLike\":{\"iam:PassedToService\":[\"ecs-tasks.amazonaws.com\"]}},\"Effect\":\"Allow\",\"Resource\":[\"arn:aws:iam::405952903393:role/service-role/prod-pomodoro-backend-ecs-task-execution\",\"arn:aws:iam::405952903393:role/prod-pomodoro-backend-ecs-task\"]}],\"Version\":\"2012-10-17\"}",
            "policy_id": "ANPAV5BFNXDQUOO4L3DL2",
            "tags": {},
            "tags_all": {
              "CreatedByRole": "terraformer",
              "Description": "Managed by Terraform",
              "Service": "pomodoro-backend"
            }
          },
          "sensitive_attributes": [],
          "private": "bnVsbA==",
          "dependencies": [
            "aws_alb_listener.prod_pomodoro_backend_blue_https",
            "aws_alb_listener.prod_pomodoro_backend_green_https",
            "aws_alb_target_group.prod_pomodoro_backend_blue",
            "aws_alb_target_group.prod_pomodoro_backend_green",
            "aws_cloudwatch_log_group.ecs_prod_pomodoro_backend",
            "aws_ecs_cluster.prod_pomodoro_backend",
            "aws_ecs_service.prod_pomodoro_backend",
            "aws_ecs_task_definition.prod_pomodoro_backend",
            "aws_iam_role.prod_pomodoro_backend_ecs_task",
            "aws_iam_role.prod_pomodoro_backend_ecs_task_execution",
            "aws_kms_key.prod_pomodoro_backend_secrets_manager",
            "aws_lb.prod_pomodoro_backend_lb",
            "aws_s3_bucket.prod_pomodoro_backend_pipeline_artifact",
            "aws_secretsmanager_secret.prod_pomodoro_backend_application_secret",
            "aws_secretsmanager_secret.prod_pomodoro_db",
            "aws_security_group.prod_pomodoro_backend_alb",
            "aws_security_group.prod_pomodoro_backend_ecs_task",
            "data.aws_acm_certificate.pomodoro",
            "data.aws_caller_identity.current",
            "data.aws_region.current",
            "data.aws_s3_bucket.pomodoro_backend",
            "data.aws_subnet.private_a",
            "data.aws_subnet.private_c",
            "data.aws_subnet.public_a",
            "data.aws_subnet.public_c",
            "data.aws_vpc.pomodoro"
          ]
        }
      ]
    },
    {
      "mode": "managed",
      "type": "aws_iam_policy",
      "name": "prod_pomodoro_backend_codepipeline",
      "provider": "provider[\"registry.terraform.io/hashicorp/aws\"]",
      "instances": [
        {
          "schema_version": 0,
          "attributes": {
            "arn": "arn:aws:iam::405952903393:policy/service-role/prod-pomodoro-backend-codepipeline",
            "description": "Policy used in trust relationship with CodePipeline",
            "id": "arn:aws:iam::405952903393:policy/service-role/prod-pomodoro-backend-codepipeline",
            "name": "prod-pomodoro-backend-codepipeline",
            "name_prefix": "",
            "path": "/service-role/",
            "policy": "{\"Statement\":[{\"Action\":[\"iam:PassRole\"],\"Condition\":{\"StringEqualsIfExists\":{\"iam:PassedToService\":[\"ecs-tasks.amazonaws.com\"]}},\"Effect\":\"Allow\",\"Resource\":[\"arn:aws:iam::405952903393:role/prod-pomodoro-backend-ecs-task\",\"arn:aws:iam::405952903393:role/service-role/prod-pomodoro-backend-ecs-task-execution\"]},{\"Action\":[\"codedeploy:GetApplication\",\"codedeploy:GetApplicationRevision\",\"codedeploy:RegisterApplicationRevision\"],\"Effect\":\"Allow\",\"Resource\":[\"arn:aws:codedeploy:ap-northeast-1:405952903393:application:pomodoro-backend\"]},{\"Action\":[\"codedeploy:CreateDeployment\",\"codedeploy:GetDeployment\"],\"Effect\":\"Allow\",\"Resource\":[\"*\"]},{\"Action\":\"codedeploy:GetDeploymentConfig\",\"Effect\":\"Allow\",\"Resource\":\"*\"},{\"Action\":[\"codestar-connections:UseConnection\"],\"Effect\":\"Allow\",\"Resource\":\"arn:aws:codestar-connections:ap-northeast-1:405952903393:connection/1f6279db-0734-44e2-98bb-186695973e09\"},{\"Action\":[\"s3:PutObject\",\"s3:GetObject\",\"s3:GetObjectVersion\",\"s3:GetBucketAcl\",\"s3:GetBucketLocation\"],\"Effect\":\"Allow\",\"Resource\":[\"arn:aws:s3:::prod-pomodoro-backend-codepipeline/*\"]},{\"Action\":[\"ecs:RegisterTaskDefinition\"],\"Effect\":\"Allow\",\"Resource\":\"*\"},{\"Action\":[\"codebuild:BatchGetBuilds\",\"codebuild:StartBuild\",\"codebuild:BatchGetBuildBatches\",\"codebuild:StartBuildBatch\"],\"Effect\":\"Allow\",\"Resource\":[\"arn:aws:codebuild:ap-northeast-1:405952903393:project/prod-pomodoro-backend\"]}],\"Version\":\"2012-10-17\"}",
            "policy_id": "ANPAV5BFNXDQXZDRLNO3D",
            "tags": {},
            "tags_all": {
              "CreatedByRole": "terraformer",
              "Description": "Managed by Terraform",
              "Service": "pomodoro-backend"
            }
          },
          "sensitive_attributes": [],
          "private": "bnVsbA==",
          "dependencies": [
            "aws_cloudwatch_log_group.ecs_prod_pomodoro_backend",
            "aws_codebuild_project.prod_pomodoro_backend",
            "aws_ecs_task_definition.prod_pomodoro_backend",
            "aws_iam_role.prod_pomodoro_backend_codebuild_service_role",
            "aws_iam_role.prod_pomodoro_backend_ecs_task",
            "aws_iam_role.prod_pomodoro_backend_ecs_task_execution",
            "aws_kms_key.prod_pomodoro_backend_secrets_manager",
            "aws_s3_bucket.prod_pomodoro_backend_pipeline_artifact",
            "aws_secretsmanager_secret.prod_pomodoro_backend_application_secret",
            "aws_secretsmanager_secret.prod_pomodoro_db",
            "data.aws_caller_identity.current",
            "data.aws_codestarconnections_connection.pomodoro_backend",
            "data.aws_ecr_repository.pomodoro_backend",
            "data.aws_region.current",
            "data.aws_s3_bucket.pomodoro_backend"
          ]
        }
      ]
    },
    {
      "mode": "managed",
      "type": "aws_iam_policy",
      "name": "prod_pomodoro_backend_ecs_task",
      "provider": "provider[\"registry.terraform.io/hashicorp/aws\"]",
      "instances": [
        {
          "schema_version": 0,
          "attributes": {
            "arn": "arn:aws:iam::405952903393:policy/prod-pomodoro-backend-ecs-task",
            "description": "",
            "id": "arn:aws:iam::405952903393:policy/prod-pomodoro-backend-ecs-task",
            "name": "prod-pomodoro-backend-ecs-task",
            "name_prefix": "",
            "path": "/",
            "policy": "{\"Statement\":[{\"Action\":\"iam:PassRole\",\"Effect\":\"Allow\",\"Resource\":\"*\"},{\"Action\":[\"s3:AbortMultipartUpload\",\"s3:GetBucketLocation\",\"s3:GetObject\",\"s3:PutObject\",\"s3:ListBucket\",\"s3:ListBucketMultipartUploads\"],\"Effect\":\"Allow\",\"Resource\":[\"arn:aws:s3:::pomodoro-backend\",\"arn:aws:s3:::pomodoro-backend/production/*\"]},{\"Action\":[\"s3:ListAllMyBuckets\"],\"Effect\":\"Allow\",\"Resource\":[\"arn:aws:s3:::pomodoro-backend\",\"arn:aws:s3:::pomodoro-backend/*\"]},{\"Action\":[\"ssmmessages:CreateControlChannel\",\"ssmmessages:CreateDataChannel\",\"ssmmessages:OpenControlChannel\",\"ssmmessages:OpenDataChannel\"],\"Effect\":\"Allow\",\"Resource\":\"*\"},{\"Action\":[\"firehose:ListDeliveryStreams\",\"firehose:PutRecord\",\"firehose:PutRecordBatch\",\"firehose:UpdateDestination\"],\"Effect\":\"Allow\",\"Resource\":\"arn:aws:firehose:ap-northeast-1:405952903393:deliverystream/*\"},{\"Action\":[\"cloudwatch:PutMetricData\"],\"Effect\":\"Allow\",\"Resource\":\"*\"},{\"Action\":[\"logs:DescribeLogGroups\"],\"Effect\":\"Allow\",\"Resource\":\"*\"},{\"Action\":[\"logs:CreateLogStream\",\"logs:DescribeLogStreams\",\"logs:PutLogEvents\"],\"Effect\":\"Allow\",\"Resource\":\"arn:aws:logs:ap-northeast-1:405952903393:log-group:/ecs/prod-pomodoro-backend:*\"},{\"Action\":[\"logs:DescribeLogGroups\"],\"Effect\":\"Allow\",\"Resource\":\"*\"},{\"Action\":[\"logs:CreateLogStream\",\"logs:DescribeLogStreams\",\"logs:PutLogEvents\"],\"Effect\":\"Allow\",\"Resource\":\"arn:aws:logs:ap-northeast-1:405952903393:log-group:/ecs/prod-pomodoro-backend:*\"},{\"Action\":[\"ssm:GetParameters\",\"secretsmanager:GetSecretValue\"],\"Effect\":\"Allow\",\"Resource\":[\"arn:aws:secretsmanager:ap-northeast-1:405952903393:secret:prod-pomodoro-backend-application-secret-dXEdaF\",\"arn:aws:secretsmanager:ap-northeast-1:405952903393:secret:prod-pomodoro-database-U14CkH\"]},{\"Action\":[\"kms:Decrypt\"],\"Effect\":\"Allow\",\"Resource\":[\"arn:aws:kms:ap-northeast-1:405952903393:key/4ab682d5-9267-4611-94ba-2397d2887829\"]}],\"Version\":\"2012-10-17\"}",
            "policy_id": "ANPAV5BFNXDQRQDAHTSFK",
            "tags": {},
            "tags_all": {
              "CreatedByRole": "terraformer",
              "Description": "Managed by Terraform",
              "Service": "pomodoro-backend"
            }
          },
          "sensitive_attributes": [],
          "private": "bnVsbA==",
          "dependencies": [
            "aws_cloudwatch_log_group.ecs_prod_pomodoro_backend",
            "aws_kms_key.prod_pomodoro_backend_secrets_manager",
            "aws_secretsmanager_secret.prod_pomodoro_backend_application_secret",
            "aws_secretsmanager_secret.prod_pomodoro_db",
            "data.aws_caller_identity.current"
          ]
        }
      ]
    },
    {
      "mode": "managed",
      "type": "aws_iam_policy",
      "name": "prod_pomodoro_backend_ecs_task_execution",
      "provider": "provider[\"registry.terraform.io/hashicorp/aws\"]",
      "instances": [
        {
          "schema_version": 0,
          "attributes": {
            "arn": "arn:aws:iam::405952903393:policy/service-role/prod-pomodoro-backend-ecs-task-execution",
            "description": "",
            "id": "arn:aws:iam::405952903393:policy/service-role/prod-pomodoro-backend-ecs-task-execution",
            "name": "prod-pomodoro-backend-ecs-task-execution",
            "name_prefix": "",
            "path": "/service-role/",
            "policy": "{\"Statement\":[{\"Action\":\"iam:PassRole\",\"Effect\":\"Allow\",\"Resource\":\"*\"},{\"Action\":[\"ecr:BatchCheckLayerAvailability\",\"ecr:GetDownloadUrlForLayer\",\"ecr:BatchGetImage\"],\"Effect\":\"Allow\",\"Resource\":[\"arn:aws:ecr:ap-northeast-1:405952903393:repository/pomodoro-backend\",\"arn:aws:ecr:ap-northeast-1:405952903393:repository/cloudwatch-agent\",\"arn:aws:ecr:ap-northeast-1:906394416424:repository/aws-for-fluent-bit\"]},{\"Action\":\"ecr:GetAuthorizationToken\",\"Effect\":\"Allow\",\"Resource\":\"*\"},{\"Action\":[\"logs:CreateLogStream\",\"logs:PutLogEvents\"],\"Effect\":\"Allow\",\"Resource\":\"*\"},{\"Action\":[\"ssm:GetParameters\",\"secretsmanager:GetSecretValue\"],\"Effect\":\"Allow\",\"Resource\":[\"arn:aws:secretsmanager:ap-northeast-1:405952903393:secret:prod-pomodoro-backend-application-secret-dXEdaF\",\"arn:aws:secretsmanager:ap-northeast-1:405952903393:secret:prod-pomodoro-database-U14CkH\"]},{\"Action\":[\"kms:Decrypt\"],\"Effect\":\"Allow\",\"Resource\":[\"arn:aws:kms:ap-northeast-1:405952903393:key/4ab682d5-9267-4611-94ba-2397d2887829\"]}],\"Version\":\"2012-10-17\"}",
            "policy_id": "ANPAV5BFNXDQT4DEO5LHF",
            "tags": {},
            "tags_all": {
              "CreatedByRole": "terraformer",
              "Description": "Managed by Terraform",
              "Service": "pomodoro-backend"
            }
          },
          "sensitive_attributes": [],
          "private": "bnVsbA==",
          "dependencies": [
            "aws_kms_key.prod_pomodoro_backend_secrets_manager",
            "aws_secretsmanager_secret.prod_pomodoro_backend_application_secret",
            "aws_secretsmanager_secret.prod_pomodoro_db",
            "data.aws_ecr_repository.cloudwatch_agent",
            "data.aws_ecr_repository.pomodoro_backend"
          ]
        }
      ]
    },
    {
      "mode": "managed",
      "type": "aws_iam_role",
      "name": "prod_pomodoro_backend_backup",
      "provider": "provider[\"registry.terraform.io/hashicorp/aws\"]",
      "instances": [
        {
          "schema_version": 0,
          "attributes": {
            "arn": "arn:aws:iam::405952903393:role/prod-pomodoro-backend-backup",
            "assume_role_policy": "{\"Statement\":[{\"Action\":\"sts:AssumeRole\",\"Effect\":\"Allow\",\"Principal\":{\"Service\":\"backup.amazonaws.com\"}}],\"Version\":\"2012-10-17\"}",
            "create_date": "2024-01-21T06:52:27Z",
            "description": "",
            "force_detach_policies": false,
            "id": "prod-pomodoro-backend-backup",
            "inline_policy": [],
            "managed_policy_arns": [
              "arn:aws:iam::aws:policy/service-role/AWSBackupServiceRolePolicyForBackup"
            ],
            "max_session_duration": 3600,
            "name": "prod-pomodoro-backend-backup",
            "name_prefix": "",
            "path": "/",
            "permissions_boundary": "",
            "tags": {},
            "tags_all": {
              "CreatedByRole": "terraformer",
              "Description": "Managed by Terraform",
              "Service": "pomodoro-backend"
            },
            "unique_id": "AROAV5BFNXDQQWWM7AUUR"
          },
          "sensitive_attributes": [],
          "private": "bnVsbA=="
        }
      ]
    },
    {
      "mode": "managed",
      "type": "aws_iam_role",
      "name": "prod_pomodoro_backend_codebuild_service_role",
      "provider": "provider[\"registry.terraform.io/hashicorp/aws\"]",
      "instances": [
        {
          "schema_version": 0,
          "attributes": {
            "arn": "arn:aws:iam::405952903393:role/service-role/prod-pomodoro-backend-codebuild-service-role",
            "assume_role_policy": "{\"Statement\":[{\"Action\":\"sts:AssumeRole\",\"Effect\":\"Allow\",\"Principal\":{\"Service\":\"codebuild.amazonaws.com\"}}],\"Version\":\"2012-10-17\"}",
            "create_date": "2024-01-21T06:52:27Z",
            "description": "",
            "force_detach_policies": false,
            "id": "prod-pomodoro-backend-codebuild-service-role",
            "inline_policy": [],
            "managed_policy_arns": [
              "arn:aws:iam::405952903393:policy/service-role/prod-pomodoro-backend-codebuild"
            ],
            "max_session_duration": 3600,
            "name": "prod-pomodoro-backend-codebuild-service-role",
            "name_prefix": "",
            "path": "/service-role/",
            "permissions_boundary": "",
            "tags": {},
            "tags_all": {
              "CreatedByRole": "terraformer",
              "Description": "Managed by Terraform",
              "Service": "pomodoro-backend"
            },
            "unique_id": "AROAV5BFNXDQUFZMS7JO5"
          },
          "sensitive_attributes": [],
          "private": "bnVsbA=="
        }
      ]
    },
    {
      "mode": "managed",
      "type": "aws_iam_role",
      "name": "prod_pomodoro_backend_codedeploy_service_role",
      "provider": "provider[\"registry.terraform.io/hashicorp/aws\"]",
      "instances": [
        {
          "schema_version": 0,
          "attributes": {
            "arn": "arn:aws:iam::405952903393:role/service-role/prod-pomodoro-backend-codedeploy-service-role",
            "assume_role_policy": "{\"Statement\":[{\"Action\":\"sts:AssumeRole\",\"Effect\":\"Allow\",\"Principal\":{\"Service\":[\"codedeploy.amazonaws.com\"]},\"Sid\":\"\"}],\"Version\":\"2012-10-17\"}",
            "create_date": "2024-01-21T06:52:27Z",
            "description": "",
            "force_detach_policies": false,
            "id": "prod-pomodoro-backend-codedeploy-service-role",
            "inline_policy": [],
            "managed_policy_arns": [
              "arn:aws:iam::405952903393:policy/service-role/prod-pomodoro-backend-codedeploy-policy"
            ],
            "max_session_duration": 3600,
            "name": "prod-pomodoro-backend-codedeploy-service-role",
            "name_prefix": "",
            "path": "/service-role/",
            "permissions_boundary": "",
            "tags": {},
            "tags_all": {
              "CreatedByRole": "terraformer",
              "Description": "Managed by Terraform",
              "Service": "pomodoro-backend"
            },
            "unique_id": "AROAV5BFNXDQRH4NALJPK"
          },
          "sensitive_attributes": [],
          "private": "bnVsbA=="
        }
      ]
    },
    {
      "mode": "managed",
      "type": "aws_iam_role",
      "name": "prod_pomodoro_backend_codepipeline_service_role",
      "provider": "provider[\"registry.terraform.io/hashicorp/aws\"]",
      "instances": [
        {
          "schema_version": 0,
          "attributes": {
            "arn": "arn:aws:iam::405952903393:role/service-role/prod-pomodoro-backend-codepipeline-service-role",
            "assume_role_policy": "{\"Statement\":[{\"Action\":\"sts:AssumeRole\",\"Effect\":\"Allow\",\"Principal\":{\"Service\":\"codepipeline.amazonaws.com\"}}],\"Version\":\"2012-10-17\"}",
            "create_date": "2024-01-21T06:52:27Z",
            "description": "",
            "force_detach_policies": false,
            "id": "prod-pomodoro-backend-codepipeline-service-role",
            "inline_policy": [],
            "managed_policy_arns": [
              "arn:aws:iam::405952903393:policy/service-role/prod-pomodoro-backend-codepipeline"
            ],
            "max_session_duration": 3600,
            "name": "prod-pomodoro-backend-codepipeline-service-role",
            "name_prefix": "",
            "path": "/service-role/",
            "permissions_boundary": "",
            "tags": {},
            "tags_all": {
              "CreatedByRole": "terraformer",
              "Description": "Managed by Terraform",
              "Service": "pomodoro-backend"
            },
            "unique_id": "AROAV5BFNXDQ4Q3ZTYW63"
          },
          "sensitive_attributes": [],
          "private": "bnVsbA=="
        }
      ]
    },
    {
      "mode": "managed",
      "type": "aws_iam_role",
      "name": "prod_pomodoro_backend_ecs_events",
      "provider": "provider[\"registry.terraform.io/hashicorp/aws\"]",
      "instances": [
        {
          "schema_version": 0,
          "attributes": {
            "arn": "arn:aws:iam::405952903393:role/service-role/prod-pomodoro-backend-ecs-events",
            "assume_role_policy": "{\"Statement\":[{\"Action\":\"sts:AssumeRole\",\"Effect\":\"Allow\",\"Principal\":{\"Service\":[\"events.amazonaws.com\"]},\"Sid\":\"\"}],\"Version\":\"2012-10-17\"}",
            "create_date": "2024-01-21T06:52:27Z",
            "description": "",
            "force_detach_policies": false,
            "id": "prod-pomodoro-backend-ecs-events",
            "inline_policy": [
              {
                "name": "prod-pomodoro-backend-ecs-events",
                "policy": "{\"Version\":\"2012-10-17\",\"Statement\":[{\"Action\":[\"ecs:RunTask\",\"ecs:StopTask\",\"ecs:DescribeTasks\"],\"Effect\":\"Allow\",\"Resource\":\"*\"},{\"Action\":\"iam:PassRole\",\"Effect\":\"Allow\",\"Resource\":\"*\"},{\"Action\":\"ecs:TagResource\",\"Condition\":{\"StringEquals\":{\"ecs:CreateAction\":[\"RunTask\",\"StopTask\",\"DescribeTasks\"]}},\"Effect\":\"Allow\",\"Resource\":\"*\"}]}"
              }
            ],
            "managed_policy_arns": [],
            "max_session_duration": 3600,
            "name": "prod-pomodoro-backend-ecs-events",
            "name_prefix": "",
            "path": "/service-role/",
            "permissions_boundary": "",
            "tags": {},
            "tags_all": {
              "CreatedByRole": "terraformer",
              "Description": "Managed by Terraform",
              "Service": "pomodoro-backend"
            },
            "unique_id": "AROAV5BFNXDQRCVWQE3HL"
          },
          "sensitive_attributes": [],
          "private": "bnVsbA=="
        }
      ]
    },
    {
      "mode": "managed",
      "type": "aws_iam_role",
      "name": "prod_pomodoro_backend_ecs_task",
      "provider": "provider[\"registry.terraform.io/hashicorp/aws\"]",
      "instances": [
        {
          "schema_version": 0,
          "attributes": {
            "arn": "arn:aws:iam::405952903393:role/prod-pomodoro-backend-ecs-task",
            "assume_role_policy": "{\"Statement\":[{\"Action\":\"sts:AssumeRole\",\"Effect\":\"Allow\",\"Principal\":{\"Service\":[\"ecs-tasks.amazonaws.com\",\"firehose.amazonaws.com\"]}}],\"Version\":\"2012-10-17\"}",
            "create_date": "2024-01-21T06:52:27Z",
            "description": "",
            "force_detach_policies": false,
            "id": "prod-pomodoro-backend-ecs-task",
            "inline_policy": [],
            "managed_policy_arns": [
              "arn:aws:iam::405952903393:policy/prod-pomodoro-backend-ecs-task"
            ],
            "max_session_duration": 3600,
            "name": "prod-pomodoro-backend-ecs-task",
            "name_prefix": "",
            "path": "/",
            "permissions_boundary": "",
            "tags": {},
            "tags_all": {
              "CreatedByRole": "terraformer",
              "Description": "Managed by Terraform",
              "Service": "pomodoro-backend"
            },
            "unique_id": "AROAV5BFNXDQSDTCFOZFJ"
          },
          "sensitive_attributes": [],
          "private": "bnVsbA=="
        }
      ]
    },
    {
      "mode": "managed",
      "type": "aws_iam_role",
      "name": "prod_pomodoro_backend_ecs_task_execution",
      "provider": "provider[\"registry.terraform.io/hashicorp/aws\"]",
      "instances": [
        {
          "schema_version": 0,
          "attributes": {
            "arn": "arn:aws:iam::405952903393:role/service-role/prod-pomodoro-backend-ecs-task-execution",
            "assume_role_policy": "{\"Statement\":[{\"Action\":\"sts:AssumeRole\",\"Effect\":\"Allow\",\"Principal\":{\"Service\":\"ecs-tasks.amazonaws.com\"}}],\"Version\":\"2012-10-17\"}",
            "create_date": "2024-01-21T06:52:27Z",
            "description": "",
            "force_detach_policies": false,
            "id": "prod-pomodoro-backend-ecs-task-execution",
            "inline_policy": [],
            "managed_policy_arns": [
              "arn:aws:iam::405952903393:policy/service-role/prod-pomodoro-backend-ecs-task-execution"
            ],
            "max_session_duration": 3600,
            "name": "prod-pomodoro-backend-ecs-task-execution",
            "name_prefix": "",
            "path": "/service-role/",
            "permissions_boundary": "",
            "tags": {},
            "tags_all": {
              "CreatedByRole": "terraformer",
              "Description": "Managed by Terraform",
              "Service": "pomodoro-backend"
            },
            "unique_id": "AROAV5BFNXDQZORGPH43O"
          },
          "sensitive_attributes": [],
          "private": "bnVsbA=="
        }
      ]
    },
    {
      "mode": "managed",
      "type": "aws_iam_role_policy",
      "name": "prod_vpomodoro_backend_ecs_events",
      "provider": "provider[\"registry.terraform.io/hashicorp/aws\"]",
      "instances": [
        {
          "schema_version": 0,
          "attributes": {
            "id": "prod-pomodoro-backend-ecs-events:prod-pomodoro-backend-ecs-events",
            "name": "prod-pomodoro-backend-ecs-events",
            "name_prefix": "",
            "policy": "{\"Version\":\"2012-10-17\",\"Statement\":[{\"Action\":[\"ecs:RunTask\",\"ecs:StopTask\",\"ecs:DescribeTasks\"],\"Effect\":\"Allow\",\"Resource\":\"*\"},{\"Action\":\"iam:PassRole\",\"Effect\":\"Allow\",\"Resource\":\"*\"},{\"Action\":\"ecs:TagResource\",\"Condition\":{\"StringEquals\":{\"ecs:CreateAction\":[\"RunTask\",\"StopTask\",\"DescribeTasks\"]}},\"Effect\":\"Allow\",\"Resource\":\"*\"}]}",
            "role": "prod-pomodoro-backend-ecs-events"
          },
          "sensitive_attributes": [],
          "private": "bnVsbA==",
          "dependencies": [
            "aws_iam_role.prod_pomodoro_backend_ecs_events"
          ]
        }
      ]
    },
    {
      "mode": "managed",
      "type": "aws_iam_role_policy_attachment",
      "name": "prod_pomodoro_backend_backup_selection",
      "provider": "provider[\"registry.terraform.io/hashicorp/aws\"]",
      "instances": [
        {
          "schema_version": 0,
          "attributes": {
            "id": "prod-pomodoro-backend-backup-20240121065228445300000001",
            "policy_arn": "arn:aws:iam::aws:policy/service-role/AWSBackupServiceRolePolicyForBackup",
            "role": "prod-pomodoro-backend-backup"
          },
          "sensitive_attributes": [],
          "private": "bnVsbA==",
          "dependencies": [
            "aws_iam_role.prod_pomodoro_backend_backup"
          ]
        }
      ]
    },
    {
      "mode": "managed",
      "type": "aws_iam_role_policy_attachment",
      "name": "prod_pomodoro_backend_codebuild",
      "provider": "provider[\"registry.terraform.io/hashicorp/aws\"]",
      "instances": [
        {
          "schema_version": 0,
          "attributes": {
            "id": "prod-pomodoro-backend-codebuild-service-role-20240121065228575600000004",
            "policy_arn": "arn:aws:iam::405952903393:policy/service-role/prod-pomodoro-backend-codebuild",
            "role": "prod-pomodoro-backend-codebuild-service-role"
          },
          "sensitive_attributes": [],
          "private": "bnVsbA==",
          "dependencies": [
            "aws_iam_policy.prod_pomodoro_backend_codebuild",
            "aws_iam_role.prod_pomodoro_backend_codebuild_service_role",
            "aws_kms_key.prod_pomodoro_backend_secrets_manager",
            "aws_s3_bucket.prod_pomodoro_backend_pipeline_artifact",
            "aws_secretsmanager_secret.prod_pomodoro_backend_application_secret",
            "data.aws_caller_identity.current",
            "data.aws_ecr_repository.pomodoro_backend"
          ]
        }
      ]
    },
    {
      "mode": "managed",
      "type": "aws_iam_role_policy_attachment",
      "name": "prod_pomodoro_backend_codedeploy",
      "provider": "provider[\"registry.terraform.io/hashicorp/aws\"]",
      "instances": [
        {
          "schema_version": 0,
          "attributes": {
            "id": "prod-pomodoro-backend-codedeploy-service-role-20240121065230110800000006",
            "policy_arn": "arn:aws:iam::405952903393:policy/service-role/prod-pomodoro-backend-codedeploy-policy",
            "role": "prod-pomodoro-backend-codedeploy-service-role"
          },
          "sensitive_attributes": [],
          "private": "bnVsbA==",
          "dependencies": [
            "aws_alb_listener.prod_pomodoro_backend_blue_https",
            "aws_alb_listener.prod_pomodoro_backend_green_https",
            "aws_alb_target_group.prod_pomodoro_backend_blue",
            "aws_alb_target_group.prod_pomodoro_backend_green",
            "aws_cloudwatch_log_group.ecs_prod_pomodoro_backend",
            "aws_ecs_cluster.prod_pomodoro_backend",
            "aws_ecs_service.prod_pomodoro_backend",
            "aws_ecs_task_definition.prod_pomodoro_backend",
            "aws_iam_policy.prod_pomodoro_backend_codedeploy",
            "aws_iam_role.prod_pomodoro_backend_codedeploy_service_role",
            "aws_iam_role.prod_pomodoro_backend_ecs_task",
            "aws_iam_role.prod_pomodoro_backend_ecs_task_execution",
            "aws_kms_key.prod_pomodoro_backend_secrets_manager",
            "aws_lb.prod_pomodoro_backend_lb",
            "aws_s3_bucket.prod_pomodoro_backend_pipeline_artifact",
            "aws_secretsmanager_secret.prod_pomodoro_backend_application_secret",
            "aws_secretsmanager_secret.prod_pomodoro_db",
            "aws_security_group.prod_pomodoro_backend_alb",
            "aws_security_group.prod_pomodoro_backend_ecs_task",
            "data.aws_acm_certificate.pomodoro",
            "data.aws_caller_identity.current",
            "data.aws_region.current",
            "data.aws_s3_bucket.pomodoro_backend",
            "data.aws_subnet.private_a",
            "data.aws_subnet.private_c",
            "data.aws_subnet.public_a",
            "data.aws_subnet.public_c",
            "data.aws_vpc.pomodoro"
          ]
        }
      ]
    },
    {
      "mode": "managed",
      "type": "aws_iam_role_policy_attachment",
      "name": "prod_pomodoro_backend_codepipeline",
      "provider": "provider[\"registry.terraform.io/hashicorp/aws\"]",
      "instances": [
        {
          "schema_version": 0,
          "attributes": {
            "id": "prod-pomodoro-backend-codepipeline-service-role-20240121065237806600000007",
            "policy_arn": "arn:aws:iam::405952903393:policy/service-role/prod-pomodoro-backend-codepipeline",
            "role": "prod-pomodoro-backend-codepipeline-service-role"
          },
          "sensitive_attributes": [],
          "private": "bnVsbA==",
          "dependencies": [
            "aws_cloudwatch_log_group.ecs_prod_pomodoro_backend",
            "aws_codebuild_project.prod_pomodoro_backend",
            "aws_ecs_task_definition.prod_pomodoro_backend",
            "aws_iam_policy.prod_pomodoro_backend_codepipeline",
            "aws_iam_role.prod_pomodoro_backend_codebuild_service_role",
            "aws_iam_role.prod_pomodoro_backend_codepipeline_service_role",
            "aws_iam_role.prod_pomodoro_backend_ecs_task",
            "aws_iam_role.prod_pomodoro_backend_ecs_task_execution",
            "aws_kms_key.prod_pomodoro_backend_secrets_manager",
            "aws_s3_bucket.prod_pomodoro_backend_pipeline_artifact",
            "aws_secretsmanager_secret.prod_pomodoro_backend_application_secret",
            "aws_secretsmanager_secret.prod_pomodoro_db",
            "data.aws_caller_identity.current",
            "data.aws_codestarconnections_connection.pomodoro_backend",
            "data.aws_ecr_repository.pomodoro_backend",
            "data.aws_region.current",
            "data.aws_s3_bucket.pomodoro_backend"
          ]
        }
      ]
    },
    {
      "mode": "managed",
      "type": "aws_iam_role_policy_attachment",
      "name": "prod_pomodoro_backend_ecs",
      "provider": "provider[\"registry.terraform.io/hashicorp/aws\"]",
      "instances": [
        {
          "schema_version": 0,
          "attributes": {
            "id": "prod-pomodoro-backend-ecs-task-execution-20240121065228506900000003",
            "policy_arn": "arn:aws:iam::405952903393:policy/service-role/prod-pomodoro-backend-ecs-task-execution",
            "role": "prod-pomodoro-backend-ecs-task-execution"
          },
          "sensitive_attributes": [],
          "private": "bnVsbA==",
          "dependencies": [
            "aws_iam_policy.prod_pomodoro_backend_ecs_task_execution",
            "aws_iam_role.prod_pomodoro_backend_ecs_task_execution",
            "aws_kms_key.prod_pomodoro_backend_secrets_manager",
            "aws_secretsmanager_secret.prod_pomodoro_backend_application_secret",
            "aws_secretsmanager_secret.prod_pomodoro_db",
            "data.aws_ecr_repository.cloudwatch_agent",
            "data.aws_ecr_repository.pomodoro_backend"
          ]
        }
      ]
    },
    {
      "mode": "managed",
      "type": "aws_iam_role_policy_attachment",
      "name": "prod_pomodoro_backend_ecs_task",
      "provider": "provider[\"registry.terraform.io/hashicorp/aws\"]",
      "instances": [
        {
          "schema_version": 0,
          "attributes": {
            "id": "prod-pomodoro-backend-ecs-task-20240121065228601100000005",
            "policy_arn": "arn:aws:iam::405952903393:policy/prod-pomodoro-backend-ecs-task",
            "role": "prod-pomodoro-backend-ecs-task"
          },
          "sensitive_attributes": [],
          "private": "bnVsbA==",
          "dependencies": [
            "aws_cloudwatch_log_group.ecs_prod_pomodoro_backend",
            "aws_iam_policy.prod_pomodoro_backend_ecs_task",
            "aws_iam_role.prod_pomodoro_backend_ecs_task",
            "aws_kms_key.prod_pomodoro_backend_secrets_manager",
            "aws_secretsmanager_secret.prod_pomodoro_backend_application_secret",
            "aws_secretsmanager_secret.prod_pomodoro_db",
            "data.aws_caller_identity.current"
          ]
        }
      ]
    },
    {
      "mode": "managed",
      "type": "aws_kinesis_firehose_delivery_stream",
      "name": "prod_pomodoro_backend_delivery_stream",
      "provider": "provider[\"registry.terraform.io/hashicorp/aws\"]",
      "instances": [
        {
          "index_key": "proxy-messages",
          "schema_version": 1,
          "attributes": {
            "arn": "arn:aws:firehose:ap-northeast-1:405952903393:deliverystream/prod_pomodoro_backend_proxy_messages",
            "destination": "extended_s3",
            "destination_id": "destinationId-000000000001",
            "elasticsearch_configuration": [],
            "extended_s3_configuration": [
              {
                "bucket_arn": "arn:aws:s3:::pomodoro-backend",
                "buffering_interval": 300,
                "buffering_size": 5,
                "cloudwatch_logging_options": [
                  {
                    "enabled": false,
                    "log_group_name": "",
                    "log_stream_name": ""
                  }
                ],
                "compression_format": "UNCOMPRESSED",
                "data_format_conversion_configuration": [],
                "dynamic_partitioning_configuration": [],
                "error_output_prefix": "",
                "kms_key_arn": "",
                "prefix": "production/proxy-log/",
                "processing_configuration": [
                  {
                    "enabled": false,
                    "processors": []
                  }
                ],
                "role_arn": "arn:aws:iam::405952903393:role/prod-pomodoro-backend-ecs-task",
                "s3_backup_configuration": [],
                "s3_backup_mode": "Disabled"
              }
            ],
            "http_endpoint_configuration": [],
            "id": "arn:aws:firehose:ap-northeast-1:405952903393:deliverystream/prod_pomodoro_backend_proxy_messages",
            "kinesis_source_configuration": [],
            "msk_source_configuration": [],
            "name": "prod_pomodoro_backend_proxy_messages",
            "opensearch_configuration": [],
            "opensearchserverless_configuration": [],
            "redshift_configuration": [],
            "server_side_encryption": [
              {
                "enabled": false,
                "key_arn": "",
                "key_type": "AWS_OWNED_CMK"
              }
            ],
            "splunk_configuration": [],
            "tags": {},
            "tags_all": {
              "CreatedByRole": "terraformer",
              "Description": "Managed by Terraform",
              "Service": "pomodoro-backend"
            },
            "timeouts": null,
            "version_id": "1"
          },
          "sensitive_attributes": [],
          "private": "eyJlMmJmYjczMC1lY2FhLTExZTYtOGY4OC0zNDM2M2JjN2M0YzAiOnsiY3JlYXRlIjoxODAwMDAwMDAwMDAwLCJkZWxldGUiOjE4MDAwMDAwMDAwMDAsInVwZGF0ZSI6NjAwMDAwMDAwMDAwfSwic2NoZW1hX3ZlcnNpb24iOiIxIn0=",
          "dependencies": [
            "aws_iam_role.prod_pomodoro_backend_ecs_task"
          ]
        },
        {
          "index_key": "web-messages",
          "schema_version": 1,
          "attributes": {
            "arn": "arn:aws:firehose:ap-northeast-1:405952903393:deliverystream/prod_pomodoro_backend_web_messages",
            "destination": "extended_s3",
            "destination_id": "destinationId-000000000001",
            "elasticsearch_configuration": [],
            "extended_s3_configuration": [
              {
                "bucket_arn": "arn:aws:s3:::pomodoro-backend",
                "buffering_interval": 300,
                "buffering_size": 5,
                "cloudwatch_logging_options": [
                  {
                    "enabled": false,
                    "log_group_name": "",
                    "log_stream_name": ""
                  }
                ],
                "compression_format": "UNCOMPRESSED",
                "data_format_conversion_configuration": [],
                "dynamic_partitioning_configuration": [],
                "error_output_prefix": "",
                "kms_key_arn": "",
                "prefix": "production/web-log/",
                "processing_configuration": [
                  {
                    "enabled": false,
                    "processors": []
                  }
                ],
                "role_arn": "arn:aws:iam::405952903393:role/prod-pomodoro-backend-ecs-task",
                "s3_backup_configuration": [],
                "s3_backup_mode": "Disabled"
              }
            ],
            "http_endpoint_configuration": [],
            "id": "arn:aws:firehose:ap-northeast-1:405952903393:deliverystream/prod_pomodoro_backend_web_messages",
            "kinesis_source_configuration": [],
            "msk_source_configuration": [],
            "name": "prod_pomodoro_backend_web_messages",
            "opensearch_configuration": [],
            "opensearchserverless_configuration": [],
            "redshift_configuration": [],
            "server_side_encryption": [
              {
                "enabled": false,
                "key_arn": "",
                "key_type": "AWS_OWNED_CMK"
              }
            ],
            "splunk_configuration": [],
            "tags": {},
            "tags_all": {
              "CreatedByRole": "terraformer",
              "Description": "Managed by Terraform",
              "Service": "pomodoro-backend"
            },
            "timeouts": null,
            "version_id": "1"
          },
          "sensitive_attributes": [],
          "private": "eyJlMmJmYjczMC1lY2FhLTExZTYtOGY4OC0zNDM2M2JjN2M0YzAiOnsiY3JlYXRlIjoxODAwMDAwMDAwMDAwLCJkZWxldGUiOjE4MDAwMDAwMDAwMDAsInVwZGF0ZSI6NjAwMDAwMDAwMDAwfSwic2NoZW1hX3ZlcnNpb24iOiIxIn0=",
          "dependencies": [
            "aws_iam_role.prod_pomodoro_backend_ecs_task"
          ]
        }
      ]
    },
    {
      "mode": "managed",
      "type": "aws_kms_alias",
      "name": "prod_pomodoro_backend_secrets_manager",
      "provider": "provider[\"registry.terraform.io/hashicorp/aws\"]",
      "instances": [
        {
          "schema_version": 0,
          "attributes": {
            "arn": "arn:aws:kms:ap-northeast-1:405952903393:alias/prod_pomodoro_backend_secrets_manager",
            "id": "alias/prod_pomodoro_backend_secrets_manager",
            "name": "alias/prod_pomodoro_backend_secrets_manager",
            "name_prefix": "",
            "target_key_arn": "arn:aws:kms:ap-northeast-1:405952903393:key/4ab682d5-9267-4611-94ba-2397d2887829",
            "target_key_id": "4ab682d5-9267-4611-94ba-2397d2887829"
          },
          "sensitive_attributes": [],
          "private": "bnVsbA==",
          "dependencies": [
            "aws_kms_key.prod_pomodoro_backend_secrets_manager"
          ]
        }
      ]
    },
    {
      "mode": "managed",
      "type": "aws_kms_key",
      "name": "prod_pomodoro_backend_secrets_manager",
      "provider": "provider[\"registry.terraform.io/hashicorp/aws\"]",
      "instances": [
        {
          "schema_version": 0,
          "attributes": {
            "arn": "arn:aws:kms:ap-northeast-1:405952903393:key/4ab682d5-9267-4611-94ba-2397d2887829",
            "bypass_policy_lockout_safety_check": false,
            "custom_key_store_id": "",
            "customer_master_key_spec": "SYMMETRIC_DEFAULT",
            "deletion_window_in_days": null,
            "description": "prod_pomodoro_backend_secrets_manager",
            "enable_key_rotation": false,
            "id": "4ab682d5-9267-4611-94ba-2397d2887829",
            "is_enabled": true,
            "key_id": "4ab682d5-9267-4611-94ba-2397d2887829",
            "key_usage": "ENCRYPT_DECRYPT",
            "multi_region": false,
            "policy": "{\"Id\":\"key-default-1\",\"Statement\":[{\"Action\":\"kms:*\",\"Effect\":\"Allow\",\"Principal\":{\"AWS\":\"arn:aws:iam::405952903393:root\"},\"Resource\":\"*\",\"Sid\":\"Enable IAM User Permissions\"}],\"Version\":\"2012-10-17\"}",
            "tags": {},
            "tags_all": {
              "CreatedByRole": "terraformer",
              "Description": "Managed by Terraform",
              "Service": "pomodoro-backend"
            },
            "timeouts": null,
            "xks_key_id": ""
          },
          "sensitive_attributes": [],
          "private": "eyJlMmJmYjczMC1lY2FhLTExZTYtOGY4OC0zNDM2M2JjN2M0YzAiOnsiY3JlYXRlIjoxMjAwMDAwMDAwMDB9fQ=="
        }
      ]
    },
    {
      "mode": "managed",
      "type": "aws_lb",
      "name": "prod_pomodoro_backend_lb",
      "provider": "provider[\"registry.terraform.io/hashicorp/aws\"]",
      "instances": [
        {
          "schema_version": 0,
          "attributes": {
            "access_logs": [
              {
                "bucket": "pomodoro-backend",
                "enabled": true,
                "prefix": "production"
              }
            ],
            "arn": "arn:aws:elasticloadbalancing:ap-northeast-1:405952903393:loadbalancer/app/prod-pomodoro-backend-alb/bb99cfd8f6619c2f",
            "arn_suffix": "app/prod-pomodoro-backend-alb/bb99cfd8f6619c2f",
            "connection_logs": [
              {
                "bucket": "",
                "enabled": false,
                "prefix": ""
              }
            ],
            "customer_owned_ipv4_pool": "",
            "desync_mitigation_mode": "defensive",
            "dns_name": "prod-pomodoro-backend-alb-1178045277.ap-northeast-1.elb.amazonaws.com",
            "dns_record_client_routing_policy": null,
            "drop_invalid_header_fields": false,
            "enable_cross_zone_load_balancing": true,
            "enable_deletion_protection": false,
            "enable_http2": true,
            "enable_tls_version_and_cipher_suite_headers": false,
            "enable_waf_fail_open": false,
            "enable_xff_client_port": false,
            "enforce_security_group_inbound_rules_on_private_link_traffic": "",
            "id": "arn:aws:elasticloadbalancing:ap-northeast-1:405952903393:loadbalancer/app/prod-pomodoro-backend-alb/bb99cfd8f6619c2f",
            "idle_timeout": 120,
            "internal": false,
            "ip_address_type": "ipv4",
            "load_balancer_type": "application",
            "name": "prod-pomodoro-backend-alb",
            "name_prefix": "",
            "preserve_host_header": false,
            "security_groups": [
              "sg-0eb01e41fbad3987c"
            ],
            "subnet_mapping": [
              {
                "allocation_id": "",
                "ipv6_address": "",
                "outpost_id": "",
                "private_ipv4_address": "",
                "subnet_id": "subnet-02d3e96274447323b"
              },
              {
                "allocation_id": "",
                "ipv6_address": "",
                "outpost_id": "",
                "private_ipv4_address": "",
                "subnet_id": "subnet-033351aac052ecbed"
              }
            ],
            "subnets": [
              "subnet-02d3e96274447323b",
              "subnet-033351aac052ecbed"
            ],
            "tags": {
              "Name": "prod-pomodoro-backend"
            },
            "tags_all": {
              "CreatedByRole": "terraformer",
              "Description": "Managed by Terraform",
              "Name": "prod-pomodoro-backend",
              "Service": "pomodoro-backend"
            },
            "timeouts": null,
            "vpc_id": "vpc-084a1bfe62bfa4ac0",
            "xff_header_processing_mode": "append",
            "zone_id": "Z14GRHDCWA56QT"
          },
          "sensitive_attributes": [],
          "private": "eyJlMmJmYjczMC1lY2FhLTExZTYtOGY4OC0zNDM2M2JjN2M0YzAiOnsiY3JlYXRlIjo2MDAwMDAwMDAwMDAsImRlbGV0ZSI6NjAwMDAwMDAwMDAwLCJ1cGRhdGUiOjYwMDAwMDAwMDAwMH19",
          "dependencies": [
            "aws_security_group.prod_pomodoro_backend_alb",
            "data.aws_subnet.public_a",
            "data.aws_subnet.public_c",
            "data.aws_vpc.pomodoro"
          ]
        }
      ]
    },
    {
      "mode": "managed",
      "type": "aws_route53_record",
      "name": "prod_pomodoro_backend",
      "provider": "provider[\"registry.terraform.io/hashicorp/aws\"]",
      "instances": [
        {
          "schema_version": 2,
          "attributes": {
            "alias": [
              {
                "evaluate_target_health": true,
                "name": "dualstack.prod-pomodoro-backend-alb-1178045277.ap-northeast-1.elb.amazonaws.com",
                "zone_id": "Z14GRHDCWA56QT"
              }
            ],
            "allow_overwrite": null,
            "cidr_routing_policy": [],
            "failover_routing_policy": [],
            "fqdn": "api.pomo-sync-sounds.jp.pomo-sync-sounds.com",
            "geolocation_routing_policy": [],
            "health_check_id": "",
            "id": "Z06994861CBD7U1ZUQR0Q_api.pomo-sync-sounds.jp_A",
            "latency_routing_policy": [],
            "multivalue_answer_routing_policy": false,
            "name": "api.pomo-sync-sounds.jp",
            "records": [],
            "set_identifier": "",
            "ttl": 0,
            "type": "A",
            "weighted_routing_policy": [],
            "zone_id": "Z06994861CBD7U1ZUQR0Q"
          },
          "sensitive_attributes": [],
          "private": "eyJzY2hlbWFfdmVyc2lvbiI6IjIifQ==",
          "dependencies": [
            "aws_lb.prod_pomodoro_backend_lb",
            "aws_security_group.prod_pomodoro_backend_alb",
            "data.aws_route53_zone.pomdoro_com_zone",
            "data.aws_subnet.public_a",
            "data.aws_subnet.public_c",
            "data.aws_vpc.pomodoro"
          ]
        }
      ]
    },
    {
      "mode": "managed",
      "type": "aws_s3_bucket",
      "name": "prod_pomodoro_backend_pipeline_artifact",
      "provider": "provider[\"registry.terraform.io/hashicorp/aws\"]",
      "instances": [
        {
          "schema_version": 0,
          "attributes": {
            "acceleration_status": "",
            "acl": null,
            "arn": "arn:aws:s3:::prod-pomodoro-backend-codepipeline",
            "bucket": "prod-pomodoro-backend-codepipeline",
            "bucket_domain_name": "prod-pomodoro-backend-codepipeline.s3.amazonaws.com",
            "bucket_prefix": "",
            "bucket_regional_domain_name": "prod-pomodoro-backend-codepipeline.s3.ap-northeast-1.amazonaws.com",
            "cors_rule": [],
            "force_destroy": false,
            "grant": [
              {
                "id": "317bf62af94e9c9dae9298696d773d3e78504a019e228cbb6ae5e4513e1bfd87",
                "permissions": [
                  "FULL_CONTROL"
                ],
                "type": "CanonicalUser",
                "uri": ""
              }
            ],
            "hosted_zone_id": "Z2M4EHUR26P7ZW",
            "id": "prod-pomodoro-backend-codepipeline",
            "lifecycle_rule": [],
            "logging": [],
            "object_lock_configuration": [],
            "object_lock_enabled": false,
            "policy": "",
            "region": "ap-northeast-1",
            "replication_configuration": [],
            "request_payer": "BucketOwner",
            "server_side_encryption_configuration": [
              {
                "rule": [
                  {
                    "apply_server_side_encryption_by_default": [
                      {
                        "kms_master_key_id": "",
                        "sse_algorithm": "AES256"
                      }
                    ],
                    "bucket_key_enabled": false
                  }
                ]
              }
            ],
            "tags": {},
            "tags_all": {
              "CreatedByRole": "terraformer",
              "Description": "Managed by Terraform",
              "Service": "pomodoro-backend"
            },
            "timeouts": null,
            "versioning": [
              {
                "enabled": false,
                "mfa_delete": false
              }
            ],
            "website": [],
            "website_domain": null,
            "website_endpoint": null
          },
          "sensitive_attributes": [],
          "private": "eyJlMmJmYjczMC1lY2FhLTExZTYtOGY4OC0zNDM2M2JjN2M0YzAiOnsiY3JlYXRlIjoxMjAwMDAwMDAwMDAwLCJkZWxldGUiOjM2MDAwMDAwMDAwMDAsInJlYWQiOjEyMDAwMDAwMDAwMDAsInVwZGF0ZSI6MTIwMDAwMDAwMDAwMH19"
        }
      ]
    },
    {
      "mode": "managed",
      "type": "aws_s3_bucket",
      "name": "rds_snapshot_copy",
      "provider": "provider[\"registry.terraform.io/hashicorp/aws\"]",
      "instances": [
        {
          "schema_version": 0,
          "attributes": {
            "acceleration_status": "",
            "acl": null,
            "arn": "arn:aws:s3:::ski-rds-snapshot-copy-functions-bucket",
            "bucket": "ski-rds-snapshot-copy-functions-bucket",
            "bucket_domain_name": "ski-rds-snapshot-copy-functions-bucket.s3.amazonaws.com",
            "bucket_prefix": "",
            "bucket_regional_domain_name": "ski-rds-snapshot-copy-functions-bucket.s3.ap-northeast-1.amazonaws.com",
            "cors_rule": [],
            "force_destroy": false,
            "grant": [
              {
                "id": "317bf62af94e9c9dae9298696d773d3e78504a019e228cbb6ae5e4513e1bfd87",
                "permissions": [
                  "FULL_CONTROL"
                ],
                "type": "CanonicalUser",
                "uri": ""
              }
            ],
            "hosted_zone_id": "Z2M4EHUR26P7ZW",
            "id": "ski-rds-snapshot-copy-functions-bucket",
            "lifecycle_rule": [],
            "logging": [],
            "object_lock_configuration": [],
            "object_lock_enabled": false,
            "policy": "",
            "region": "ap-northeast-1",
            "replication_configuration": [],
            "request_payer": "BucketOwner",
            "server_side_encryption_configuration": [
              {
                "rule": [
                  {
                    "apply_server_side_encryption_by_default": [
                      {
                        "kms_master_key_id": "",
                        "sse_algorithm": "AES256"
                      }
                    ],
                    "bucket_key_enabled": false
                  }
                ]
              }
            ],
            "tags": {},
            "tags_all": {
              "CreatedByRole": "terraformer",
              "Description": "Managed by Terraform",
              "Service": "pomodoro-backend"
            },
            "timeouts": null,
            "versioning": [
              {
                "enabled": false,
                "mfa_delete": false
              }
            ],
            "website": [],
            "website_domain": null,
            "website_endpoint": null
          },
          "sensitive_attributes": [],
          "private": "eyJlMmJmYjczMC1lY2FhLTExZTYtOGY4OC0zNDM2M2JjN2M0YzAiOnsiY3JlYXRlIjoxMjAwMDAwMDAwMDAwLCJkZWxldGUiOjM2MDAwMDAwMDAwMDAsInJlYWQiOjEyMDAwMDAwMDAwMDAsInVwZGF0ZSI6MTIwMDAwMDAwMDAwMH19"
        }
      ]
    },
    {
      "mode": "managed",
      "type": "aws_s3_bucket_public_access_block",
      "name": "prod_pomodoro_backend_pipeline_artifact",
      "provider": "provider[\"registry.terraform.io/hashicorp/aws\"]",
      "instances": [
        {
          "schema_version": 0,
          "attributes": {
            "block_public_acls": true,
            "block_public_policy": true,
            "bucket": "prod-pomodoro-backend-codepipeline",
            "id": "prod-pomodoro-backend-codepipeline",
            "ignore_public_acls": true,
            "restrict_public_buckets": true
          },
          "sensitive_attributes": [],
          "private": "bnVsbA==",
          "dependencies": [
            "aws_s3_bucket.prod_pomodoro_backend_pipeline_artifact"
          ]
        }
      ]
    },
    {
      "mode": "managed",
      "type": "aws_secretsmanager_secret",
      "name": "prod_pomodoro_backend_application_secret",
      "provider": "provider[\"registry.terraform.io/hashicorp/aws\"]",
      "instances": [
        {
          "schema_version": 0,
          "attributes": {
            "arn": "arn:aws:secretsmanager:ap-northeast-1:405952903393:secret:prod-pomodoro-backend-application-secret-dXEdaF",
            "description": "prod-pomodoro-backend application secret",
            "force_overwrite_replica_secret": false,
            "id": "arn:aws:secretsmanager:ap-northeast-1:405952903393:secret:prod-pomodoro-backend-application-secret-dXEdaF",
            "kms_key_id": "arn:aws:kms:ap-northeast-1:405952903393:key/4ab682d5-9267-4611-94ba-2397d2887829",
            "name": "prod-pomodoro-backend-application-secret",
            "name_prefix": "",
            "policy": "",
            "recovery_window_in_days": 30,
            "replica": [],
            "tags": {},
            "tags_all": {
              "CreatedByRole": "terraformer",
              "Description": "Managed by Terraform",
              "Service": "pomodoro-backend"
            }
          },
          "sensitive_attributes": [],
          "private": "bnVsbA==",
          "dependencies": [
            "aws_kms_key.prod_pomodoro_backend_secrets_manager"
          ]
        }
      ]
    },
    {
      "mode": "managed",
      "type": "aws_secretsmanager_secret",
      "name": "prod_pomodoro_db",
      "provider": "provider[\"registry.terraform.io/hashicorp/aws\"]",
      "instances": [
        {
          "schema_version": 0,
          "attributes": {
            "arn": "arn:aws:secretsmanager:ap-northeast-1:405952903393:secret:prod-pomodoro-database-U14CkH",
            "description": "",
            "force_overwrite_replica_secret": false,
            "id": "arn:aws:secretsmanager:ap-northeast-1:405952903393:secret:prod-pomodoro-database-U14CkH",
            "kms_key_id": "",
            "name": "prod-pomodoro-database",
            "name_prefix": "",
            "policy": "{\"Statement\":[{\"Action\":\"secretsmanager:DeleteSecret\",\"Effect\":\"Deny\",\"Principal\":{\"AWS\":\"arn:aws:iam::405952903393:root\"},\"Resource\":\"*\"}],\"Version\":\"2012-10-17\"}",
            "recovery_window_in_days": 30,
            "replica": [],
            "tags": {
              "Name": "prod-pomodoro-database"
            },
            "tags_all": {
              "CreatedByRole": "terraformer",
              "Description": "Managed by Terraform",
              "Name": "prod-pomodoro-database",
              "Service": "pomodoro-backend"
            }
          },
          "sensitive_attributes": [],
          "private": "bnVsbA=="
        }
      ]
    },
    {
      "mode": "managed",
      "type": "aws_secretsmanager_secret_policy",
      "name": "prod_pomodoro_db",
      "provider": "provider[\"registry.terraform.io/hashicorp/aws\"]",
      "instances": [
        {
          "schema_version": 0,
          "attributes": {
            "block_public_policy": null,
            "id": "arn:aws:secretsmanager:ap-northeast-1:405952903393:secret:prod-pomodoro-database-U14CkH",
            "policy": "{\"Statement\":[{\"Action\":\"secretsmanager:DeleteSecret\",\"Effect\":\"Deny\",\"Principal\":{\"AWS\":\"arn:aws:iam::405952903393:root\"},\"Resource\":\"*\"}],\"Version\":\"2012-10-17\"}",
            "secret_arn": "arn:aws:secretsmanager:ap-northeast-1:405952903393:secret:prod-pomodoro-database-U14CkH"
          },
          "sensitive_attributes": [],
          "private": "bnVsbA==",
          "dependencies": [
            "aws_secretsmanager_secret.prod_pomodoro_db",
            "data.aws_caller_identity.current"
          ]
        }
      ]
    },
    {
      "mode": "managed",
      "type": "aws_secretsmanager_secret_version",
      "name": "prod_pomodoro_backend_application_secret_version",
      "provider": "provider[\"registry.terraform.io/hashicorp/aws\"]",
      "instances": [
        {
          "schema_version": 0,
          "attributes": {
            "arn": "arn:aws:secretsmanager:ap-northeast-1:405952903393:secret:prod-pomodoro-backend-application-secret-dXEdaF",
            "id": "arn:aws:secretsmanager:ap-northeast-1:405952903393:secret:prod-pomodoro-backend-application-secret-dXEdaF|terraform-20240128040111274800000003",
            "secret_binary": "",
            "secret_id": "arn:aws:secretsmanager:ap-northeast-1:405952903393:secret:prod-pomodoro-backend-application-secret-dXEdaF",
            "secret_string": "{}",
            "version_id": "terraform-20240128040111274800000003",
            "version_stages": [
              "AWSCURRENT"
            ]
          },
          "sensitive_attributes": [],
          "private": "bnVsbA==",
          "dependencies": [
            "aws_kms_key.prod_pomodoro_backend_secrets_manager",
            "aws_secretsmanager_secret.prod_pomodoro_backend_application_secret"
          ]
        }
      ]
    },
    {
      "mode": "managed",
      "type": "aws_security_group",
      "name": "prod_pomodoro_backend_alb",
      "provider": "provider[\"registry.terraform.io/hashicorp/aws\"]",
      "instances": [
        {
          "schema_version": 1,
          "attributes": {
            "arn": "arn:aws:ec2:ap-northeast-1:405952903393:security-group/sg-0eb01e41fbad3987c",
            "description": "prod-pomodoro-backend-alb inbound traffic",
            "egress": [
              {
                "cidr_blocks": [
                  "0.0.0.0/0"
                ],
                "description": "",
                "from_port": 0,
                "ipv6_cidr_blocks": [],
                "prefix_list_ids": [],
                "protocol": "-1",
                "security_groups": [],
                "self": false,
                "to_port": 0
              }
            ],
            "id": "sg-0eb01e41fbad3987c",
            "ingress": [
              {
                "cidr_blocks": [
                  "0.0.0.0/0"
                ],
                "description": "",
                "from_port": 443,
                "ipv6_cidr_blocks": [],
                "prefix_list_ids": [],
                "protocol": "tcp",
                "security_groups": [],
                "self": false,
                "to_port": 443
              },
              {
                "cidr_blocks": [
                  "0.0.0.0/0"
                ],
                "description": "",
                "from_port": 8080,
                "ipv6_cidr_blocks": [],
                "prefix_list_ids": [],
                "protocol": "tcp",
                "security_groups": [],
                "self": false,
                "to_port": 8080
              },
              {
                "cidr_blocks": [
                  "0.0.0.0/0"
                ],
                "description": "",
                "from_port": 80,
                "ipv6_cidr_blocks": [],
                "prefix_list_ids": [],
                "protocol": "tcp",
                "security_groups": [],
                "self": false,
                "to_port": 80
              },
              {
                "cidr_blocks": [],
                "description": "Blue/Green deployment",
                "from_port": 8080,
                "ipv6_cidr_blocks": [],
                "prefix_list_ids": [],
                "protocol": "tcp",
                "security_groups": [],
                "self": false,
                "to_port": 8080
              }
            ],
            "name": "prod-pomodoro-backend-alb",
            "name_prefix": "",
            "owner_id": "405952903393",
            "revoke_rules_on_delete": false,
            "tags": {
              "Name": "prod-pomodoro-backend-alb"
            },
            "tags_all": {
              "CreatedByRole": "terraformer",
              "Description": "Managed by Terraform",
              "Name": "prod-pomodoro-backend-alb",
              "Service": "pomodoro-backend"
            },
            "timeouts": null,
            "vpc_id": "vpc-084a1bfe62bfa4ac0"
          },
          "sensitive_attributes": [],
          "private": "eyJlMmJmYjczMC1lY2FhLTExZTYtOGY4OC0zNDM2M2JjN2M0YzAiOnsiY3JlYXRlIjo2MDAwMDAwMDAwMDAsImRlbGV0ZSI6OTAwMDAwMDAwMDAwfSwic2NoZW1hX3ZlcnNpb24iOiIxIn0=",
          "dependencies": [
            "data.aws_vpc.pomodoro"
          ]
        }
      ]
    },
    {
      "mode": "managed",
      "type": "aws_security_group",
      "name": "prod_pomodoro_backend_ecs_task",
      "provider": "provider[\"registry.terraform.io/hashicorp/aws\"]",
      "instances": [
        {
          "schema_version": 1,
          "attributes": {
            "arn": "arn:aws:ec2:ap-northeast-1:405952903393:security-group/sg-0a16c059000d554ce",
            "description": "prod-pomodoro-backend-ecs-task inbound traffic",
            "egress": [
              {
                "cidr_blocks": [
                  "0.0.0.0/0"
                ],
                "description": "",
                "from_port": 0,
                "ipv6_cidr_blocks": [],
                "prefix_list_ids": [],
                "protocol": "-1",
                "security_groups": [],
                "self": false,
                "to_port": 0
              }
            ],
            "id": "sg-0a16c059000d554ce",
            "ingress": [
              {
                "cidr_blocks": [],
                "description": "",
                "from_port": 80,
                "ipv6_cidr_blocks": [],
                "prefix_list_ids": [],
                "protocol": "tcp",
                "security_groups": [
                  "sg-0eb01e41fbad3987c"
                ],
                "self": false,
                "to_port": 80
              }
            ],
            "name": "prod-pomodoro-backend-ecs-task",
            "name_prefix": "",
            "owner_id": "405952903393",
            "revoke_rules_on_delete": false,
            "tags": {
              "Name": "prod-pomodoro-backend-ecs-task"
            },
            "tags_all": {
              "CreatedByRole": "terraformer",
              "Description": "Managed by Terraform",
              "Name": "prod-pomodoro-backend-ecs-task",
              "Service": "pomodoro-backend"
            },
            "timeouts": null,
            "vpc_id": "vpc-084a1bfe62bfa4ac0"
          },
          "sensitive_attributes": [],
          "private": "eyJlMmJmYjczMC1lY2FhLTExZTYtOGY4OC0zNDM2M2JjN2M0YzAiOnsiY3JlYXRlIjo2MDAwMDAwMDAwMDAsImRlbGV0ZSI6OTAwMDAwMDAwMDAwfSwic2NoZW1hX3ZlcnNpb24iOiIxIn0=",
          "dependencies": [
            "aws_security_group.prod_pomodoro_backend_alb",
            "data.aws_vpc.pomodoro"
          ]
        }
      ]
    },
    {
      "mode": "managed",
      "type": "aws_security_group",
      "name": "prod_pomodoro_db",
      "provider": "provider[\"registry.terraform.io/hashicorp/aws\"]",
      "instances": [
        {
          "schema_version": 1,
          "attributes": {
            "arn": "arn:aws:ec2:ap-northeast-1:405952903393:security-group/sg-0fb51198cc71c9de4",
            "description": "prod-pomodoro-db inbound traffic",
            "egress": [
              {
                "cidr_blocks": [
                  "0.0.0.0/0"
                ],
                "description": "",
                "from_port": 0,
                "ipv6_cidr_blocks": [],
                "prefix_list_ids": [],
                "protocol": "-1",
                "security_groups": [],
                "self": false,
                "to_port": 0
              }
            ],
            "id": "sg-0fb51198cc71c9de4",
            "ingress": [
              {
                "cidr_blocks": [],
                "description": "",
                "from_port": 5432,
                "ipv6_cidr_blocks": [],
                "prefix_list_ids": [],
                "protocol": "tcp",
                "security_groups": [
                  "sg-0a16c059000d554ce"
                ],
                "self": false,
                "to_port": 5432
              }
            ],
            "name": "prod-pomodoro-db",
            "name_prefix": "",
            "owner_id": "405952903393",
            "revoke_rules_on_delete": false,
            "tags": {
              "Name": "prod-pomodoro-backend-db"
            },
            "tags_all": {
              "CreatedByRole": "terraformer",
              "Description": "Managed by Terraform",
              "Name": "prod-pomodoro-backend-db",
              "Service": "pomodoro-backend"
            },
            "timeouts": null,
            "vpc_id": "vpc-084a1bfe62bfa4ac0"
          },
          "sensitive_attributes": [],
          "private": "eyJlMmJmYjczMC1lY2FhLTExZTYtOGY4OC0zNDM2M2JjN2M0YzAiOnsiY3JlYXRlIjo2MDAwMDAwMDAwMDAsImRlbGV0ZSI6OTAwMDAwMDAwMDAwfSwic2NoZW1hX3ZlcnNpb24iOiIxIn0=",
          "dependencies": [
            "aws_security_group.prod_pomodoro_backend_alb",
            "aws_security_group.prod_pomodoro_backend_ecs_task",
            "data.aws_vpc.pomodoro"
          ]
        }
      ]
    },
    {
      "mode": "managed",
      "type": "random_password",
      "name": "prod_pomodoro_backend",
      "provider": "provider[\"registry.terraform.io/hashicorp/random\"]",
      "instances": [
        {
          "schema_version": 3,
          "attributes": {
            "bcrypt_hash": "$2a$10$zBgPoXF3esAu8cLXBWoYAORIq8mEbzGbeTf/Ko9LquGl2eOwu8Uw6",
            "id": "none",
            "keepers": null,
            "length": 16,
            "lower": true,
            "min_lower": 0,
            "min_numeric": 0,
            "min_special": 0,
            "min_upper": 0,
            "number": true,
            "numeric": true,
            "override_special": "!#$%\u0026*()-_=+[]{}\u003c\u003e:?",
            "result": "f3nUT?Be6}YP7yM[",
            "special": true,
            "upper": true
          },
          "sensitive_attributes": []
        }
      ]
    }
  ],
  "check_results": null
}
